# platform: linux-64
@EXPLICIT
https://conda.anaconda.org/conda-forge/linux-64/_openmp_mutex-4.5-20_gnu.conda#1dd3fffd892081df9726d7eb7e0dea6198962ba775bd88842135a4ddb4deb3c9
https://conda.anaconda.org/conda-forge/linux-64/alsa-lib-1.2.16.1-hb03c661_0.conda#cf93ca0f1f107e95a35969a4622684e08fcb8cf37f8cf4a1e9e424828386c921
https://conda.anaconda.org/conda-forge/linux-64/binutils_impl_linux-64-2.45.1-default_hfdba357_102.conda#0a7d405064f53b9d91d92515f1460f7906ee5e8523f3cd8973430e81219f4917
https://conda.anaconda.org/conda-forge/linux-64/bzip2-1.0.8-hda65f42_9.conda#0b75d45f0bba3e95dc693336fa51f40ea28c980131fec438afb7ce6118ed05f6
https://conda.anaconda.org/conda-forge/noarch/ca-certificates-2026.6.17-hbd8a1cb_0.conda#f8e3c730fa14ee3f170493779f06522c4acf89169f43db4f039727709b6419cf
https://conda.anaconda.org/conda-forge/linux-64/cairo-1.18.4-he90730b_1.conda#06525fa0c4e4f56e771a3b986d0fdf0f0fc5a3270830ee47e127a5105bde1b9a
https://conda.anaconda.org/conda-forge/linux-64/expat-2.8.1-hecca717_1.conda#bc1e8177a4ebbbfcda98b6f4a1575f3337e69f0d2f1025a84570533ca27b89eb
https://conda.anaconda.org/conda-forge/noarch/font-ttf-dejavu-sans-mono-2.37-hab24e00_0.tar.bz2#58d7f40d2940dd0a8aa28651239adbf5613254df0f75789919c4e6762054403b
https://conda.anaconda.org/conda-forge/noarch/font-ttf-inconsolata-3.000-h77eed37_0.tar.bz2#c52a29fdac682c20d252facc50f01e7c2e7ceac52aa9817aaf0bb83f7559ec5c
https://conda.anaconda.org/conda-forge/noarch/font-ttf-source-code-pro-2.038-h77eed37_0.tar.bz2#00925c8c055a2275614b4d983e1df637245e19058d79fc7dd1a93b8d9fb4b139
https://conda.anaconda.org/conda-forge/noarch/font-ttf-ubuntu-0.83-h77eed37_3.conda#2821ec1dc454bd8b9a31d0ed22a7ce22422c0aef163c59f49dfdf915d0f0ca14
https://conda.anaconda.org/conda-forge/linux-64/fontconfig-2.18.1-h27c8c51_0.conda#2e50bdcebdf70a865b81f2456bbc586386451ec601c60f2b6cd22b8c40a2d384
https://conda.anaconda.org/conda-forge/noarch/fonts-conda-ecosystem-1-0.tar.bz2#a997f2f1921bb9c9d76e6fa2f6b408b7fa549edd349a77639c9fe7a23ea93e61
https://conda.anaconda.org/conda-forge/noarch/fonts-conda-forge-1-hc364b38_1.conda#54eea8469786bc2291cc40bca5f46438d3e062a399e8f53f013b6a9f50e98333
https://conda.anaconda.org/conda-forge/linux-64/freetype-2.14.3-ha770c72_0.conda#c934c385889c7836f034039b43b05ccfa98f53c900db03d8411189892ced090b
https://conda.anaconda.org/conda-forge/linux-64/gcc_impl_linux-64-15.2.0-ha6850e4_19.conda#2c0b2870210cfc7e8561676844f4bd3884b345c19100e1da84cbfb4994d8f104
https://conda.anaconda.org/conda-forge/linux-64/giflib-5.2.2-hd590300_0.conda#aac402a8298f0c0cc528664249170372ef6b37ac39fdc92b40601a6aed1e32ff
https://conda.anaconda.org/conda-forge/linux-64/graphite2-1.3.15-hecca717_0.conda#885fa7d1d7e2ad9ed0a700ee0d81ceb49de278253082d517959b22d6336eecce
https://conda.anaconda.org/conda-forge/linux-64/harfbuzz-14.2.1-ha770c72_1.conda#853beec89ff91cbbf630f1d305b69153eb28a3cb78af95ddc1fb4d30e524c6f4
https://conda.anaconda.org/conda-forge/linux-64/icu-78.3-h33c6efd_0.conda#fbf86c4a59c2ed05bbffb2ba25c7ed94f6185ec30ecb691615d42342baa1a16a
https://conda.anaconda.org/conda-forge/noarch/kernel-headers_linux-64-4.18.0-he073ed8_9.conda#41557eeadf641de6aeae49486cef30d02a6912d8da98585d687894afd65b356a
https://conda.anaconda.org/conda-forge/linux-64/keyutils-1.6.3-hb9d3cd8_0.conda#0960d06048a7185d3542d850986d807c6e37ca2e644342dd0c72feefcf26c2a4
https://conda.anaconda.org/conda-forge/linux-64/krb5-1.22.2-hbde042b_1.conda#9b07046870772f28740e3f6149f09ff222843733087a33c5540b169c6289652d
https://conda.anaconda.org/conda-forge/linux-64/lcms2-2.19.1-h0c24ade_1.conda#112b5b9462572d970f4abd2912f76a25ee7db158b1e7260163d91dd8a630db84
https://conda.anaconda.org/conda-forge/linux-64/ld_impl_linux-64-2.45.1-default_hbd61a6d_102.conda#3d584956604909ff5df353767f3a2a2f60e07d070b328d109f30ac40cd62df6c
https://conda.anaconda.org/conda-forge/linux-64/lerc-4.1.0-hdb68285_0.conda#f84cb54782f7e9cea95e810ea8fef186e0652d0fa73d3009914fa2c1262594e1
https://conda.anaconda.org/conda-forge/linux-64/libabseil-20260107.1-cxx17_h7b12aa8_0.conda#a7a4481a4d217a3eadea0ec489826a69070fcc3153f00443aa491ed21527d239
https://conda.anaconda.org/conda-forge/linux-64/libcap-2.78-hd0affe5_0.conda#cc8c9fc6ddf0fbd3d1275b558ae9abad6cda23bced268732e2da21a87bb358cd
https://conda.anaconda.org/conda-forge/linux-64/libcups-2.3.3-h7a8fb5f_6.conda#205c4f19550f3647832ec44e35e6d93c8c206782bdd620c1d7cf66237580ff9c
https://conda.anaconda.org/conda-forge/linux-64/libdeflate-1.25-h17f619e_0.conda#aa8e8c4be9a2e81610ddf574e05b64ee131fab5e0e3693210c9d6d2fba32c680
https://conda.anaconda.org/conda-forge/linux-64/libedit-3.1.20250104-pl5321h7949ede_0.conda#d789471216e7aba3c184cd054ed61ce3f6dac6f87a50ec69291b9297f8c18724
https://conda.anaconda.org/conda-forge/linux-64/libevent-2.1.12-hf998b51_1.conda#2e14399d81fb348e9d231a82ca4d816bf855206923759b69ad006ba482764131
https://conda.anaconda.org/conda-forge/linux-64/libexpat-2.8.1-hecca717_1.conda#16feffd9ddbbe5b718515d38ee376c685ba95491cd901244e24671d20b952a77
https://conda.anaconda.org/conda-forge/linux-64/libfabric-2.6.0-ha770c72_0.conda#45bb0eb92000a3f82555cc948013935aace8a1ea522b79700f58d3906c18e846
https://conda.anaconda.org/conda-forge/linux-64/libfabric1-2.6.0-h6b3ec72_0.conda#ba8de6a838bc0727ef8e5a1409c6735465b7b582627a9b4c2704126e53903f43
https://conda.anaconda.org/conda-forge/linux-64/libffi-3.5.2-h3435931_0.conda#31f19b6a88ce40ebc0d5a992c131f57d919f73c0b92cd1617a5bec83f6e961e6
https://conda.anaconda.org/conda-forge/linux-64/libfreetype-2.14.3-ha770c72_0.conda#38f014a7129e644636e46064ecd6b1945e729c2140e21d75bb476af39e692db2
https://conda.anaconda.org/conda-forge/linux-64/libfreetype6-2.14.3-h73754d4_0.conda#16f020f96da79db1863fcdd8f2b8f4f7d52f177dd4c58601e38e9182e91adf1d
https://conda.anaconda.org/conda-forge/linux-64/libgcc-15.2.0-he0feb66_19.conda#8e0a3b5e41272e5678499b5dfc4cddb673f9e935de01eb0767ce857001229f46
https://conda.anaconda.org/conda-forge/noarch/libgcc-devel_linux-64-15.2.0-hcc6f6b0_119.conda#38a557eba305468ac1f90ac85e50d8defd76141cb0b8a43b2fc1aca71dd5d5f2
https://conda.anaconda.org/conda-forge/linux-64/libgcc-ng-15.2.0-h69a702a_19.conda#9dcf54adfaa5e861123c2da4f2f0451a685464ea7e5a41ad91cf67b31d658d98
https://conda.anaconda.org/conda-forge/linux-64/libgfortran-15.2.0-h69a702a_19.conda#561a42758ef25b9ce308c4e2cf56daee4f06138385a17e29a492cd928e00be6f
https://conda.anaconda.org/conda-forge/linux-64/libgfortran5-15.2.0-h68bc16d_19.conda#057978bb69fea29ed715a9b98adf71015c31baecc4aeb2bfc20d4fd5d83579d4
https://conda.anaconda.org/conda-forge/linux-64/libglib-2.88.2-h0d30a3d_0.conda#4bee10e62796f01e4fa2b5849135b1cc061337fe9cf5eb9bd79e9664922ae0e4
https://conda.anaconda.org/conda-forge/linux-64/libgomp-15.2.0-he0feb66_19.conda#5abe4ab9d93f6c9757d654f1969ae2267d4505315c1f2f8fe705fd60af084f1b
https://conda.anaconda.org/conda-forge/linux-64/libharfbuzz-14.2.1-h17a8019_1.conda#821c315f6b5171aa89e735be2ad84e74eb3f898fc7610ee36cfecd95dfa789e8
https://conda.anaconda.org/conda-forge/linux-64/libharfbuzz-devel-14.2.1-h17a8019_1.conda#6d8e793042affd18ca1784b7794fab14d16f54f984777ce6ab86bacaa465ab0d
https://conda.anaconda.org/conda-forge/linux-64/libhwloc-2.13.0-default_he001693_1000.conda#5041d295813dfb84652557839825880aae296222ab725972285c5abe3b6e4288
https://conda.anaconda.org/conda-forge/linux-64/libiconv-1.18-h3b78370_2.conda#c467851a7312765447155e071752d7bf9bf44d610a5687e32706f480aad2833f
https://conda.anaconda.org/conda-forge/linux-64/libjpeg-turbo-3.2.0-hb03c661_0.conda#716332fd31b3808da7a4235a05212a9e9da05e854864c3def2dea0b5d2bf7610
https://conda.anaconda.org/conda-forge/linux-64/liblzma-5.8.3-hb03c661_0.conda#ec30e52a3c1bf7d0425380a189d209a52baa03f22fb66dd3eb587acaa765bd6d
https://conda.anaconda.org/conda-forge/linux-64/libnl-3.11.0-hb9d3cd8_0.conda#ba7c5d294e3d80f08ac5a39564217702d1a752e352e486210faff794ac5001b4
https://conda.anaconda.org/conda-forge/linux-64/libpmix-5.0.8-h31fc519_4.conda#2837759fb832ab8587622602531f8e4b5d5e5ec12ea9b3936be06f384b933800
https://conda.anaconda.org/conda-forge/linux-64/libpng-1.6.58-h421ea60_0.conda#377cfe037f3eeb3b1bf3ad333f724a64d32f315ee1958581fc671891d63d3f89
https://conda.anaconda.org/conda-forge/linux-64/libprotobuf-6.33.5-h538a264_2.conda#eb296398f05e3c1d0df2b616e7dd58b1d764540b5241ecf796480cdf82b29d2a
https://conda.anaconda.org/conda-forge/linux-64/libsanitizer-15.2.0-h90f66d4_19.conda#7a58892a52739ce4c0f7109de9e91b4353104748eb04fc6441d88e8af444ba99
https://conda.anaconda.org/conda-forge/linux-64/libstdcxx-15.2.0-h934c35e_19.conda#dff1058c76ec6b8759e41cefa2508162d00e4a5e6721aa68ec3fd10094e702dc
https://conda.anaconda.org/conda-forge/noarch/libstdcxx-devel_linux-64-15.2.0-hd446a21_119.conda#a2385f3611d5cd25378f9cf2367183320731709c067ddd08d43330d3170f15b8
https://conda.anaconda.org/conda-forge/linux-64/libsystemd0-257.13-h084b8d7_1.conda#2293884d59cf0436c37fc0a4bad71011a8de2a6913610d1c701a7703377c1f75
https://conda.anaconda.org/conda-forge/linux-64/libtiff-4.7.2-h9d88235_0.conda#b31346e1c01ab40a170e91147092ee8fd92b1dee3c66ee47ef025571c879b159
https://conda.anaconda.org/conda-forge/linux-64/libudev1-257.13-h084b8d7_1.conda#287d05680e49eea51b8145fbf34bc213c0618b04f32e450e9da5d715e5134e38
https://conda.anaconda.org/conda-forge/linux-64/libuuid-2.42.2-h5347b49_0.conda#9b1bdce27a7e31f7d241aeecff67a1f3101d52a2b1e33ccc2cdf2613072bf81f
https://conda.anaconda.org/conda-forge/linux-64/libwebp-base-1.6.0-hd42ef1d_0.conda#3aed21ab28eddffdaf7f804f49be7a7d701e8f0e46c856d801270b470820a37b
https://conda.anaconda.org/conda-forge/linux-64/libxcb-1.17.0-h8a09558_0.conda#666c0c431b23c6cec6e492840b176dde533d48b7e6fb8883f5071223433776aa
https://conda.anaconda.org/conda-forge/linux-64/libxml2-2.15.3-h49c6c72_0.conda#3bc5551720c58591f6ea1146f7d1539c734ed1c40e7b9f5cb8cb7e900c509aba
https://conda.anaconda.org/conda-forge/linux-64/libxml2-16-2.15.3-hca6bf5a_0.conda#3d44f737c5ae52d5af32682cc1530df433f401f8e58a7533926536244127572a
https://conda.anaconda.org/conda-forge/linux-64/libzlib-1.3.2-h25fd6f3_2.conda#55044c403570f0dc26e6364de4dc5368e5f3fc7ff103e867c487e2b5ab2bcda9
https://conda.anaconda.org/conda-forge/noarch/mpi-1.0.1-openmpi.conda#e1698675ec83a2139c0b02165f47eaf0701bcab043443d9008fc0f8867b07798
https://conda.anaconda.org/conda-forge/linux-64/ncurses-6.6-hdb14827_0.conda#fc89f74bbe362fb29fa3c037697a89bec140b346a2469a90f7936d1d7ea4d8a3
https://conda.anaconda.org/conda-forge/linux-64/openjdk-21.0.10-ha668962_0.conda#87126a0022812fb81df02f6807a6c844bf43bffbf51a1320fbc41647cae0fcb2
https://conda.anaconda.org/conda-forge/linux-64/openmpi-5.0.10-h67ed482_1.conda#9d13b09c95f5e9429f295dc89a896dae41a4ca4f77118139b1ff02001ae25127
https://conda.anaconda.org/conda-forge/linux-64/openssl-3.6.3-h35e630c_0.conda#d48f5c22b9897c01e4dff3680f1f57ceb02711ab9c62f74339b080419dfad34b
https://conda.anaconda.org/conda-forge/linux-64/pcre2-10.47-haa7fec5_0.conda#5e6f7d161356fefd981948bea5139c5aa0436767751a6930cb1ca801ebb113ff
https://conda.anaconda.org/conda-forge/linux-64/pixman-0.46.4-h54a6638_1.conda#43d37bc9ca3b257c5dd7bf76a8426addbdec381f6786ff441dc90b1a49143b6a
https://conda.anaconda.org/conda-forge/linux-64/pthread-stubs-0.4-hb9d3cd8_1002.conda#9c88f8c64590e9567c6c80823f0328e58d3b1efb0e1c539c0315ceca764e0973
https://conda.anaconda.org/conda-forge/linux-64/rdma-core-63.0-h192683f_1.conda#f0931894c751b22be09d7c976343a2957a14a59cfe0db04d916d1b93bd66ffcf
https://conda.anaconda.org/conda-forge/linux-64/rust-1.97.0-h53717f1_0.conda#2ffb498d537f5d555956d27003f8d922504c295e260c9e5360caf1344771ba51
https://conda.anaconda.org/conda-forge/noarch/rust-std-x86_64-unknown-linux-gnu-1.97.0-h2c6d0dc_0.conda#9b7d75e7466f5651cb78c871b85318368769761657cb29c98c2d22aa578764b7
https://conda.anaconda.org/conda-forge/noarch/sysroot_linux-64-2.28-h4ee821c_9.conda#c47299fe37aebb0fcf674b3be588e67e4afb86225be4b0d452c7eb75c086b851
https://conda.anaconda.org/conda-forge/noarch/tzdata-2025c-hc9c84f9_1.conda#1d30098909076af33a35017eed6f2953af1c769e273a0626a04722ac4acaba3c
https://conda.anaconda.org/conda-forge/linux-64/ucc-1.8.0-hcedbda0_0.conda#4b2f9ef4cb98e308d73aee46a2e8a674d7c8d4561a7b4aec55a9badaea6d1081
https://conda.anaconda.org/conda-forge/linux-64/ucx-1.20.1-hbe80e26_0.conda#8f0ac4a92e4674eb4c87cdfc59d2fc7c2d0d1696689202eeb62ef715d82ce711
https://conda.anaconda.org/conda-forge/linux-64/xorg-libice-1.1.2-hb9d3cd8_0.conda#c12396aabb21244c212e488bbdc4abcdef0b7404b15761d9329f5a4a39113c4b
https://conda.anaconda.org/conda-forge/linux-64/xorg-libsm-1.2.6-he73a12e_0.conda#277841c43a39f738927145930ff963c5ce4c4dacf66637a3d95d802a64173250
https://conda.anaconda.org/conda-forge/linux-64/xorg-libx11-1.8.13-he1eb515_0.conda#516d4060139dbb4de49a4dcdc6317a9353fb39ebd47789c14e6fe52de0deee42
https://conda.anaconda.org/conda-forge/linux-64/xorg-libxau-1.0.12-hb03c661_1.conda#6bc6ab7a90a5d8ac94c7e300cc10beb0500eeba4b99822768ca2f2ef356f731b
https://conda.anaconda.org/conda-forge/linux-64/xorg-libxdmcp-1.1.5-hb03c661_1.conda#25d255fb2eef929d21ff660a0c687d38a6d2ccfbcbf0cc6aa738b12af6e9d142
https://conda.anaconda.org/conda-forge/linux-64/xorg-libxext-1.3.7-hb03c661_0.conda#79c60fc6acfd3d713d6340d3b4e296836a0f8c51602327b32794625826bd052f
https://conda.anaconda.org/conda-forge/linux-64/xorg-libxfixes-6.0.2-hb03c661_0.conda#83c4c99d60b8784a611351220452a0a85b080668188dce5dfa394b723d7b64f4
https://conda.anaconda.org/conda-forge/linux-64/xorg-libxi-1.8.3-hb03c661_0.conda#495f99c8eacfa4ae2d8fed2a7f2105777af89acdc204df145d2bbbc380ac631b
https://conda.anaconda.org/conda-forge/linux-64/xorg-libxrandr-1.5.5-hb03c661_0.conda#80ed047a5cb30632c3dc5804c7716131d767089f65877813d4ae855ee5c9d343
https://conda.anaconda.org/conda-forge/linux-64/xorg-libxrender-0.9.12-hb9d3cd8_0.conda#044c7b3153c224c6cedd4484dd91b389d2d7fd9c776ad0f4a34f099b3389f4a1
https://conda.anaconda.org/conda-forge/linux-64/xorg-libxt-1.3.1-hb9d3cd8_0.conda#a8afba4a55b7b530eb5c8ad89737d60d60bc151a03fbef7a2182461256953f0e
https://conda.anaconda.org/conda-forge/linux-64/xorg-libxtst-1.2.5-hb9d3cd8_3.conda#752fdaac5d58ed863bbf685bb6f98092fe1a488ea8ebb7ed7b606ccfce08637a
https://conda.anaconda.org/conda-forge/linux-64/zstd-1.5.7-hb78ec9c_6.conda#68f0206ca6e98fea941e5717cec780ed2873ffabc0e1ed34428c061e2c6268c7
