# platform: linux-64
@EXPLICIT
https://conda.anaconda.org/conda-forge/linux-64/_openmp_mutex-4.5-20_gnu.conda#1dd3fffd892081df9726d7eb7e0dea6198962ba775bd88842135a4ddb4deb3c9
https://conda.anaconda.org/conda-forge/linux-64/blosc-1.21.6-he440d0b_1.conda#e7af5d1183b06a206192ff440e08db1c4e8b2ca1f8376ee45fb2f3a85d4ee45d
https://conda.anaconda.org/conda-forge/linux-64/bzip2-1.0.8-hda65f42_9.conda#0b75d45f0bba3e95dc693336fa51f40ea28c980131fec438afb7ce6118ed05f6
https://conda.anaconda.org/conda-forge/linux-64/c-ares-1.34.6-hb03c661_0.conda#cc9accf72fa028d31c2a038460787751127317dcfa991f8d1f1babf216bb454e
https://conda.anaconda.org/conda-forge/noarch/ca-certificates-2026.6.17-hbd8a1cb_0.conda#f8e3c730fa14ee3f170493779f06522c4acf89169f43db4f039727709b6419cf
https://conda.anaconda.org/conda-forge/linux-64/freexl-2.0.0-h9dce30a_2.conda#c8960e00a6db69b85c16c693ce05484facf20f1a80430552145f652a880e0d2a
https://conda.anaconda.org/conda-forge/linux-64/geos-3.14.1-h480dda7_0.conda#08896dcd94e14a83f247e91748444e610f344ab42d80cbf2b6082b481c3f8f4b
https://conda.anaconda.org/conda-forge/linux-64/giflib-5.2.2-hd590300_0.conda#aac402a8298f0c0cc528664249170372ef6b37ac39fdc92b40601a6aed1e32ff
https://conda.anaconda.org/conda-forge/linux-64/icu-78.3-h33c6efd_0.conda#fbf86c4a59c2ed05bbffb2ba25c7ed94f6185ec30ecb691615d42342baa1a16a
https://conda.anaconda.org/conda-forge/linux-64/json-c-0.18-h6688a6e_0.conda#09e706cb388d3ea977fabcee8e28384bdaad8ce1fc49340df5f868a2bd95a7da
https://conda.anaconda.org/conda-forge/linux-64/keyutils-1.6.3-hb9d3cd8_0.conda#0960d06048a7185d3542d850986d807c6e37ca2e644342dd0c72feefcf26c2a4
https://conda.anaconda.org/conda-forge/linux-64/krb5-1.22.2-hbde042b_1.conda#9b07046870772f28740e3f6149f09ff222843733087a33c5540b169c6289652d
https://conda.anaconda.org/conda-forge/linux-64/lerc-4.1.0-hdb68285_0.conda#f84cb54782f7e9cea95e810ea8fef186e0652d0fa73d3009914fa2c1262594e1
https://conda.anaconda.org/conda-forge/linux-64/libarchive-3.8.8-gpl_hc2c16d8_100.conda#f916b51f55f51a9bb2d902e0a5f029490f7b745aee549c349751c1787ddc26b8
https://conda.anaconda.org/conda-forge/linux-64/libbrotlicommon-1.2.0-hb03c661_1.conda#318f36bd49ca8ad85e6478bd8506c88d82454cc008c1ac1c6bf00a3c42fa610e
https://conda.anaconda.org/conda-forge/linux-64/libbrotlidec-1.2.0-hb03c661_1.conda#12fff21d38f98bc446d82baa890e01fd82e3b750378fedc720ff93522ffb752b
https://conda.anaconda.org/conda-forge/linux-64/libbrotlienc-1.2.0-hb03c661_1.conda#a0c15c79997820bbd3fbc8ecf146f4fe0eca36cc60b62b63ac6cf78857f1dd0d
https://conda.anaconda.org/conda-forge/linux-64/libcurl-8.21.0-hae6b9f4_2.conda#ba8354084b34fce56d5697982fce4a384c148e972e15c0ab891187617fe7ec29
https://conda.anaconda.org/conda-forge/linux-64/libdeflate-1.25-h17f619e_0.conda#aa8e8c4be9a2e81610ddf574e05b64ee131fab5e0e3693210c9d6d2fba32c680
https://conda.anaconda.org/conda-forge/linux-64/libedit-3.1.20250104-pl5321h7949ede_0.conda#d789471216e7aba3c184cd054ed61ce3f6dac6f87a50ec69291b9297f8c18724
https://conda.anaconda.org/conda-forge/linux-64/libev-4.33-hd590300_2.conda#1cd6048169fa0395af74ed5d8f1716e22c19a81a8a36f934c110ca3ad4dd27b4
https://conda.anaconda.org/conda-forge/linux-64/libexpat-2.8.1-hecca717_1.conda#16feffd9ddbbe5b718515d38ee376c685ba95491cd901244e24671d20b952a77
https://conda.anaconda.org/conda-forge/linux-64/libgcc-15.2.0-he0feb66_19.conda#8e0a3b5e41272e5678499b5dfc4cddb673f9e935de01eb0767ce857001229f46
https://conda.anaconda.org/conda-forge/linux-64/libgcc-ng-15.2.0-h69a702a_19.conda#9dcf54adfaa5e861123c2da4f2f0451a685464ea7e5a41ad91cf67b31d658d98
https://conda.anaconda.org/conda-forge/linux-64/libgdal-core-3.12.4-h2c8e1a9_4.conda#bcfe7ee49d92a8c42e508c79db2b48d0e7f395c167288d51cb2e99cc9162c9ef
https://conda.anaconda.org/conda-forge/linux-64/libgomp-15.2.0-he0feb66_19.conda#5abe4ab9d93f6c9757d654f1969ae2267d4505315c1f2f8fe705fd60af084f1b
https://conda.anaconda.org/conda-forge/linux-64/libhwy-1.4.0-h10be129_0.conda#8b70955d5e9a49d08945d4f8e2eab855b2efa5fce9cb9bc5e75d86764e6f2f38
https://conda.anaconda.org/conda-forge/linux-64/libiconv-1.18-h3b78370_2.conda#c467851a7312765447155e071752d7bf9bf44d610a5687e32706f480aad2833f
https://conda.anaconda.org/conda-forge/linux-64/libjpeg-turbo-3.2.0-hb03c661_0.conda#716332fd31b3808da7a4235a05212a9e9da05e854864c3def2dea0b5d2bf7610
https://conda.anaconda.org/conda-forge/linux-64/libjxl-0.11.2-h174a0a3_1.conda#0c8a78c6a42a6e4c6de3a5e82d692f60400d43f4cc80591745f28b37daad9c70
https://conda.anaconda.org/conda-forge/linux-64/libkml-1.3.0-haa4a5bd_1023.conda#f6348ac9cebbc03f765ea6d2da88d57d19531585c8f3a963b98635b208e8bef1
https://conda.anaconda.org/conda-forge/linux-64/liblzma-5.8.3-hb03c661_0.conda#ec30e52a3c1bf7d0425380a189d209a52baa03f22fb66dd3eb587acaa765bd6d
https://conda.anaconda.org/conda-forge/linux-64/libnghttp2-1.68.1-h877daf1_0.conda#663444d77a42f2265f54fb8b48c5450bfff4388d9c0f8253dd7855f0d993153f
https://conda.anaconda.org/conda-forge/linux-64/libnsl-2.0.1-hb9d3cd8_1.conda#927fe72b054277cde6cb82597d0fcf6baf127dcbce2e0a9d8925a68f1265eef5
https://conda.anaconda.org/conda-forge/linux-64/libpng-1.6.58-h421ea60_0.conda#377cfe037f3eeb3b1bf3ad333f724a64d32f315ee1958581fc671891d63d3f89
https://conda.anaconda.org/conda-forge/linux-64/libpsl-0.22.0-h49b2146_1.conda#71118885feab91c61bea4e9532ec46e0653b24f02e563681f822915aee8435bb
https://conda.anaconda.org/conda-forge/linux-64/librttopo-1.1.0-h46dd2a8_20.conda#eb4082a5135102f5ba9c302da13164d4ed1181d5f0db9d49e5e11a815a7b526f
https://conda.anaconda.org/conda-forge/linux-64/libspatialite-5.1.0-gpl_hab3fe16_120.conda#1226948565ea9fa4fbaefc8c5ff6bb4c66e3cb96a9db71d236dcc0be0bc319cb
https://conda.anaconda.org/conda-forge/linux-64/libsqlite-3.53.3-h0c1763c_0.conda#365376f4815e5e80def2b3462a2419708b7c292da0da85278386c2618621fff4
https://conda.anaconda.org/conda-forge/linux-64/libssh2-1.11.1-hcf80075_0.conda#fa39bfd69228a13e553bd24601332b7cfeb30ca11a3ca50bb028108fe90a7661
https://conda.anaconda.org/conda-forge/linux-64/libstdcxx-15.2.0-h934c35e_19.conda#dff1058c76ec6b8759e41cefa2508162d00e4a5e6721aa68ec3fd10094e702dc
https://conda.anaconda.org/conda-forge/linux-64/libstdcxx-ng-15.2.0-hdf11a46_19.conda#0672b6b6e1791c92e8eccad58081a99d614fcf82bca5841f9dfa3c3e658f83b9
https://conda.anaconda.org/conda-forge/linux-64/libtiff-4.7.2-h9d88235_0.conda#b31346e1c01ab40a170e91147092ee8fd92b1dee3c66ee47ef025571c879b159
https://conda.anaconda.org/conda-forge/linux-64/libudunits2-2.2.28-h40f5838_3.conda#c4b80ddcddc015ec696e53605e045954e4fe27e79aba65b754803a05ef4e3fe2
https://conda.anaconda.org/conda-forge/linux-64/libwebp-base-1.6.0-hd42ef1d_0.conda#3aed21ab28eddffdaf7f804f49be7a7d701e8f0e46c856d801270b470820a37b
https://conda.anaconda.org/conda-forge/linux-64/libxml2-2.15.3-h49c6c72_0.conda#3bc5551720c58591f6ea1146f7d1539c734ed1c40e7b9f5cb8cb7e900c509aba
https://conda.anaconda.org/conda-forge/linux-64/libxml2-16-2.15.3-hca6bf5a_0.conda#3d44f737c5ae52d5af32682cc1530df433f401f8e58a7533926536244127572a
https://conda.anaconda.org/conda-forge/linux-64/libxml2-devel-2.15.3-h49c6c72_0.conda#adada9c781ea51faea3e3adcd6883dc294ff2fa044c7f4e199430a11862dfa40
https://conda.anaconda.org/conda-forge/linux-64/libzlib-1.3.2-h25fd6f3_2.conda#55044c403570f0dc26e6364de4dc5368e5f3fc7ff103e867c487e2b5ab2bcda9
https://conda.anaconda.org/conda-forge/linux-64/lz4-c-1.10.0-h5888daf_1.conda#47326f811392a5fd3055f0f773036c392d26fdb32e4d8e7a8197eed951489346
https://conda.anaconda.org/conda-forge/linux-64/lzo-2.10-h280c20c_1002.conda#5c6bbeec116e29f08e3dad3d0524e9bc5527098e12fc432c0e5ca53ea16337d4
https://conda.anaconda.org/conda-forge/linux-64/minizip-4.2.2-hb71707f_0.conda#80398daac34dfe10d88c92ef64f6ff85f52950cab8b2bdfc2d00cc176ed7edff
https://conda.anaconda.org/conda-forge/linux-64/muparser-2.3.5-h5888daf_0.conda#320dfc59a94cb9e3635bda71b9e62278b34aa2fdaea0caa6832ddb9b37e9ccd5
https://conda.anaconda.org/conda-forge/linux-64/ncurses-6.6-hdb14827_0.conda#fc89f74bbe362fb29fa3c037697a89bec140b346a2469a90f7936d1d7ea4d8a3
https://conda.anaconda.org/conda-forge/linux-64/openssl-3.6.3-h35e630c_0.conda#d48f5c22b9897c01e4dff3680f1f57ceb02711ab9c62f74339b080419dfad34b
https://conda.anaconda.org/conda-forge/linux-64/pcre2-10.47-haa7fec5_0.conda#5e6f7d161356fefd981948bea5139c5aa0436767751a6930cb1ca801ebb113ff
https://conda.anaconda.org/conda-forge/linux-64/proj-9.8.1-he0df7b0_0.conda#dff6f355025b9a510d9093e29fd970fa1091e758b848c9dec814d96ae63a09ba
https://conda.anaconda.org/conda-forge/linux-64/readline-8.3-h853b02a_0.conda#12ffde5a6f958e285aa22c191ca01bbd3d6e710aa852e00618fa6ddc59149002
https://conda.anaconda.org/conda-forge/linux-64/snappy-1.2.2-h03e3b7b_1.conda#48f3f6a76c34b2cfe80de9ce7f2283ecb55d5ed47367ba91e8bb8104e12b8f11
https://conda.anaconda.org/conda-forge/linux-64/sqlite-3.53.3-hbc0de68_0.conda#ef17725138fa72aa5a0f8ccace9727831c4b333e39575f78fb5ad1755826b687
https://conda.anaconda.org/conda-forge/linux-64/udunits2-2.2.28-h40f5838_3.conda#7beb28a13dd4206c54ed994434d843aabda57fc9e5a0835c2f504c77336a4087
https://conda.anaconda.org/conda-forge/linux-64/uriparser-0.9.8-hac33072_0.conda#2aad2aeff7c69a2d7eecd7b662eef756b27d6a6b96f3e2c2a7071340ce14543e
https://conda.anaconda.org/conda-forge/linux-64/xerces-c-3.3.0-hd9031aa_1.conda#605980121ad3ee9393a9b53fb0996929c9732f8fc6b9f796d25244ca6fa23032
https://conda.anaconda.org/conda-forge/linux-64/zlib-1.3.2-h25fd6f3_2.conda#245c9ee8d688e23661b95e3c6dd7272ca936fabc03d423cdb3cdee1bbcf9f2f2
https://conda.anaconda.org/conda-forge/linux-64/zstd-1.5.7-hb78ec9c_6.conda#68f0206ca6e98fea941e5717cec780ed2873ffabc0e1ed34428c061e2c6268c7
