Package	Version	Role	SHA256
boot	1.3-32	direct	3a05aced6fea42a5c310c5c6ab7a2019f69f757f5e77c4961183977747136c97
class	7.3-23	direct	4d1adb12eae045f15641516d795177dd1d3074c0a86ac633000507c4822891f1
cluster	2.1.8.2	direct	4cc898a58baade883bb33aa0ee9be1723f321bd85ad91562cbd1e43dfdb41585
codetools	0.2-20	direct	3be6f375ec178723ddfd559d1e8e85bfeee04a5fbaf9f53f2f844e1669fea863
foreign	0.8-91	direct	fdf6c2c6077659a7dc069e58528d3c7cd93b6571c708d98994565386afce5298
KernSmooth	2.23-26	direct	b465bdac197f7faa787e625412ae03d1b7c2c134b1c924cfeb775faf9c4da73e
lattice	0.22-9	direct	b72ad4ed2e5269fa7cf668e46f83a9b5d9d5f8fdcbc5b9886531ca19dffca4ba
MASS	7.3-65	direct	b07ef1e3c364ce56269b4a8a7759cc9f87c876554f91293437bb578cfe38172f
Matrix	1.7-5	direct	308b0edd7bcb023a8bb50cc5cec98e66b3658c94a5badfb1ce6024e595fa8a83
mgcv	1.9-4	direct	a98159698afb269e06a46cac1f945bf2b3427a2dd587c6f2efd67ede90089372
nlme	3.1-169	direct	51b92f1b543d2eb5915478965dab05a9094e1675a160138d49963eb3a0e7fdb8
nnet	7.3-20	direct	8f33e17e0eb161cfbc1bfee4875baa23c66fcdba8215a64a63402b099db2b555
rpart	4.1.27	direct	3183552d74f02749a70e2b989591c561ca0f7c146034f415748acc8480ca4050
spatial	7.3-18	direct	cc46693d69745af8ec95b557e7a8ee4e1865df69dc0d25723629fd8e9ea43055
survival	3.8-9	direct	9aa8fadd4fb185ac48f260c9d0f69fd6dfff4a4e2724920618057aa1f5d5bfbe
backports	1.5.1	direct	b8eeeabe3c27e1486f43e0b18dae57f0e870dd7c6979d3668df76bf0d4735bad
base64enc	0.1-6	dependency	3c7e9d22f7409fa2989008fa6e980c3dd8e2693eb20676acf2470ae7addb0816
bench	1.1.4	direct	b822f5b7648deecc6b516dcca4e932ce92e65eb166b997b04355218aceb1d083
bigD	0.3.1	dependency	86b1b0cf1849f6b1418c3178ab5d7b04682652375c6e90ebac636921de6088d1
bit	4.6.0	dependency	48fe21c5d04c7b724d695eeb60074395c0c631a7fb234e2075de92471445de08
bit64	4.8.2	dependency	be5907acc6ebc389e9fb3fb6760b07ca4ee9c6da2fe1c286277bc67b9af5db9f
bitops	1.0-9	dependency	cff3a5b77b72bb3b8fde92b690d0f803466d218a3ead6b731ae7c77ac1740d08
blob	1.3.0	dependency	d4d2aeb8d17683bbfc256a7541e282af9663a752988a21a6ba72a4ab268c7331
brio	1.1.5	dependency	a9f22335ea39039de25bb27bccd5ff1ffb2b743579b31d150b6b91c9ea81d0b8
bslib	0.11.0	dependency	e4df478559cb824c39bd55eb7e5f2aa48d39742d88e5015b494602901c2330bb
cachem	1.1.0	dependency	550839fc2ae5d865db475ba2c1714144f07fa0c052c72135b0e4a70287492e21
callr	3.8.0	dependency	a16b50e41ddbbf2bac236572e3e68c4ef9c76b88faf5cf840c79524c49000b06
checkmate	2.3.4	direct	95e1068dee07d95c5e616dfd66e622cf245821acd358a77e790118c34ebd85ca
cli	3.6.6	dependency	b2b58d6dd82f5798b335e39c00591686a01fd3e94399ef898e146173e36f18f9
commonmark	2.0.0	dependency	7f47d7f9f4ff5d1e2a73a69f6e233d2ddbafae97944ddf664a6000aa94936904
cpp11	0.5.5	dependency	72486beb0605c1229bf3d422cd536224af8dc09bd389a3116f62f4c7705c62f4
crayon	1.5.3	dependency	3e74a0685541efb5ea763b92cfd5c859df71c46b0605967a0b5dbb7326e9da69
curl	7.1.0	dependency	74f079b6306acc18fbe60c18dbaac805703fb6579e6ab398f3437377695fd8a9
data.table	1.18.4	direct	d65256f0050a6443770d5982b5098a2a8c894f9675ed17053416c7815cbddeb9
DBI	1.3.0	direct	13def8e90cbe41205a0dfcf585a6a7ea79ce10d45969789e82613c7ce3d5fb18
desc	1.4.3	dependency	54468da73dd78fc9e7c565c41cfe3331802c2134b2e61a9ad197215317092f26
diffobj	0.3.6	dependency	b316d9c37177b19ce7f39ba32872d09ab600909709fd313c1e39398a4ae51287
digest	0.6.39	dependency	8bf048b49b2d17077138fae758bda56bbd53278d9437f2fdeaedf979c90a13c9
dplyr	1.2.1	dependency	18d66fe2f24cda8b619c177326d39dd015229ab99695fa67d3fa31e4569390e0
e1071	1.7-17	direct	6debc371ad478c2aa6de1f6510e254e80e797de4974b855f63b35509a3c2ac87
evaluate	1.0.5	dependency	47aac79f889a828a5f8b4756cb972d7c2966bb984cbae17a4bd2389a73270794
farver	2.1.2	dependency	528823b95daab4566137711f1c842027a952bea1b2ae6ff098e2ca512b17fe25
fastmap	1.2.0	dependency	b1da04a2915d1d057f3c2525e295ef15016a64e6667eac83a14641bbd83b9246
fontawesome	0.5.3	dependency	1b1909d0fad5ec4c658f5c628a195b9bd93d544afa957e68e897224cfb81fb4f
fs	2.1.0	dependency	7088af1117d65c4ceb144b532e323f197fc8243b1d704bf6edf40774789829cd
future	1.70.0	dependency	0141056909ec2e9f8901ea611930d8a892ec83533855e965b819b694be999017
future.apply	1.20.2	dependency	30d6b64c93a1c40fc1b07e21503fce811707fc30589145832ce0b8947ce74bdf
generics	0.1.4	dependency	bbe95a097792d38fc3b7e677738af1b95b66ea5e5017e33b8beac6a6088d0801
globals	0.19.1	dependency	b58d7ea423eb8772aa1be615d97722a6babf836360e01e533d176e108c216979
glue	1.8.1	dependency	1c55905d3efc3d5c199ceb0bd12218e97f0d4c64df6038ff41ecef415478a122
gt	1.3.0	direct	10e730a7ffd1fd41147ecd7ec8abcd1c8037103ca9fe26d3bb8b1090d4323f5c
here	1.0.2	dependency	71980aa294314d6e032e680dfd2a59f792cab6f8d414cce03f2e823819190c3d
highr	0.12	dependency	e8e1d6460022a9948799602d6b95dc78fbfa318ff6f0627e95c20b7190fc612b
htmltools	0.5.9	dependency	19308618da485818f69dcfeeadd2ddc81d43a736a74519df7b3fd98e13128afd
htmlwidgets	1.6.4	dependency	7cb08f0b30485dac26f72e4056ec4ed8825d1398e8b9f25ed63db228fe3a0ed0
jquerylib	0.1.4	dependency	f0bcc11dcde3a6ff180277e45c24642d3da3c8690900e38f44495efbc9064411
jsonlite	2.0.0	dependency	75eb910c82b350ec33f094779da0f87bff154c232e4ae39c9896a9b89f3ac82d
juicyjuice	0.1.0	dependency	64f5418b2a4794b47f0525baaf101beb4f1374ea22f38d7d604f5118bdb6e12a
knitr	1.51	direct	bcfa3081677ff5c3881c7cef35f3305bbf6714b01320c81a523772663741ca11
labeling	0.4.3	dependency	c62f4fc2cc74377d7055903c5f1913b7295f7587456fe468592738a483e264f2
lgr	0.5.2	dependency	4649e34129b3e1cbbca801983adbe6f857a748301bdb1330985e69dde9892273
lhs	1.3.0	direct	a820140d3da98a20440f6ffeac8322cc9fa7453d13bcd56c896f38c5b47a8d76
lifecycle	1.0.5	dependency	61841e3e6edba056a88355a3f1d6698ab8d5d9cb3c05f2af0ec5a44ab516f8ee
listenv	1.0.0	dependency	b12c71b839638b324857e134e31e7de4fc7595e00af5e7c634a78374bd1cd2aa
litedown	0.10	dependency	67bf33b205989ece20c02ee0082d042067a2c47a820f9e4e164e9b2edc4f4fba
magrittr	2.0.5	dependency	3f5b5b1d4e6d12807a95c50b6c88cb1d8af2c5eb5213f08bfe58f278eca2ed23
markdown	2.0	dependency	a560de75fb6878901e38febfef3ea8d21cb63af63de0e583019867d189bf9541
memoise	2.0.1	dependency	f85034ee98c8ca07fb3cd826142c1cd1e1e5747075a94c75a45783bbc4fe2deb
mime	0.13	dependency	7132834cf3c3388eff12bad376d69fbcf8275acc37d36c290e59174fe3c7f3eb
mirai	2.7.1	dependency	0b48e87d1c7f9796f65f299b989bd31cbe417d557365cc6c0623fd9385f9b4f0
mlbench	2.1-9	dependency	7d07ef94ea1e62a9f34b2c6f742e074a1ce27dfac3a46cef41409179bec2673f
mlr3	1.7.1	dependency	d0efe4b8693031efd176c90874985553b0239ae19e40edc61cd1f5a24471da24
mlr3learners	0.15.0	direct	f58a8d11f817cf6d0b3158a9f29a0195d95facb5f33c5b271c025bb86898e822
mlr3measures	1.3.0	dependency	e142ac2be351003e7e54c1308494fd0b1a70528bd3536d7c6a0ffaf7d2977292
mlr3misc	0.22.0	direct	739e23e1a17d2ff43764656055b8aaa360dcce41907ac1867de0e7cd60e40ef5
nanonext	1.10.1	dependency	ea575a20d6aaac3191e16d4931d08b8d5aabeca02bebc927d027d1e5cef9ed9f
otel	0.2.0	dependency	ef8afe5a1bc8074bbeb8a84134699ef348a1f8ac629ffba25ee43ea7bcd8dd17
pak	0.10.0	direct	43901f7baa265b0262b708dd4c09072768cbb1f8e32123bb07824e0ebfadda5a
palmerpenguins	0.1.1	dependency	2a40d48ba6c7978fdf2a6daf647ccb39cd17590680138931d11194d3dd1a30b4
paradox	1.0.1	bootstrap-only	72de5a87d45cfe663677faea74ec801dea3750047514006e3c3abd963ba21488
parallelly	1.48.0	dependency	58fe71ccee8e4dc95591958c5428c5000350937024373b99b258a76da0927636
pillar	1.11.1	dependency	056ce154238c9b5b8d5dcbcb52e1bc51d33870ce08c8a9ca9496478bd59f4653
pkgbuild	1.4.8	dependency	2e4259202ce90fc452f31ff36cfe14ff21a38e9fd71c3015e25018b9079924cb
pkgconfig	2.0.3	dependency	330fef440ffeb842a7dcfffc8303743f1feae83e8d6131078b5a44ff11bc3850
pkgload	1.5.3	dependency	5e539f91ca36b8ed80933101baf2a57462b9342c68556f5d4dcb86c01639df28
png	0.1-9	dependency	0b8502363c6f5c73cf284dee4fd1416f5adf4115b6ae9a1e09531c143b978589
praise	1.0.0	dependency	5c035e74fd05dfa59b03afe0d5f4c53fbf34144e175e90c53d09c6baedf5debd
prettyunits	1.2.0	dependency	f059f27e2a5c82e351fe05b87ad712f7afc273c651450453f59d99af5deeacea
processx	3.9.0	dependency	cdfef9035405891d8b104b258a40f62656f215aba7dcdc9f3226203c4c8fb354
profmem	0.7.0	dependency	16efc5f13f4b78919c9d51c07acf62c051e0e3830ae3cc32c596f8daf569c3cb
proxy	0.4-29	dependency	c6eb0e36ef2eecb1b8564f0188ca8d2c91a80865c86698386a7b5d5baa92c35b
PRROC	1.4	dependency	9dbb4a7a9becb5a8f281a05fe263c4c96b187e459f1ed96b27381e838db493b6
ps	1.9.3	dependency	7b227f0627709a2073daf960ac612a0b87d03e18f7dd5c1938048ed440ef2e68
R6	2.6.1	direct	59c6eba8b1b912eb7e104f65053235604be853425ee67c152ac4e86a1f2073b4
rappdirs	0.3.4	dependency	2320ebc9ef3b1a32a1e63f94a6ce2c1c34d66782221a6531e786804f681abc66
rcmdcheck	1.4.0	direct	bbd4ef7d514b8c2076196a7c4a6041d34623d55fbe73f2771758ce61fd32c9d0
RColorBrewer	1.1-3	dependency	4f42f5423c45688b39f492c7892d93f37b4541831c8ffb140364d2bd89031ac0
Rcpp	1.1.2	dependency	2746cf2fb188e5f0a84dbf5c8f68915b54564ed33e5754572f174e7b32e7f4f3
RcppTOML	0.2.3	dependency	2ed594253c562bef7065e67d791197f61b221e545206a1b3598d46868cf5926f
reactable	0.4.5	direct	6bdd74fb37561de32500f7e855003ced9533f4e61f4026752c204f430c10cd36
reactR	0.6.1	dependency	9b690d7d4de54cbecca16deea9684f1d4aba91b2b280b38ea13c63eb5e57d892
remotes	2.5.0	direct	4d663f1426cd88d42f4070f23d969305c575e0499ed1397be6607b0770d2850c
renv	1.2.3	direct	f462b55ace5436b6bed18e01ac1267649fc196ad8505f55c8546704eda104bfb
reticulate	1.46.0	direct	ddce0df52079ff6df2655e65e141d9f7c685ba3713200e65a69adeb5cde90765
rlang	1.3.0	dependency	80aa537d49e72265f443a15e8936128af583caa5e572086518b503cbf064279c
rmarkdown	2.31	direct	0c5baed4a447292f15507794d2dde6b18bae1fa6c45ea6ada8bcd99ca211fcbc
rprojroot	2.1.1	dependency	473989bbef45fd9cd68f68dc317b14c9f42de5cea4b55fd6ba9011f25e0517e9
RSQLite	3.53.3	direct	82946aac5e2869da5fdaf57d0e4afeee3d4deac21d9eaeffb5f743273a93736c
sass	0.4.10	dependency	4adb4c243f74d811276529e346deaa064bce28dbfbb837208fc85f2c47b79b30
scales	1.4.0	dependency	d55ef5f08c92652d7a95cfa27584024723ab17873f1b2577dd488cb7c883ceee
sessioninfo	1.2.4	dependency	fe855e84941126c272d5a0ae39b14f1c92d7076550d7be627389d452b7d61bd4
spacefillr	0.4.0	direct	5d8ba53dd5ef32d11c42b5ea4e956f0ab5799e6000cf38e36307225a5fe268b6
testthat	3.3.2	direct	5d2e2fa2c3dcb523afb6898c02be9544c24c1c7e0789149c436fef768a409808
tibble	3.3.1	dependency	fb309f8a1939021b237c7e85ff7ad6e8ff5acd57a6230d220a452094b492b28f
tidyselect	1.2.1	dependency	169e97ba0bbfbcdf4a80534322751f87a04370310c40e27f04aac6525d45903c
tinytex	0.60	dependency	a48f0e88a6cf0cd196e950dba8743df8916918a67c472923257c82bcb8a471e8
utf8	1.2.6	dependency	4589f8b72291329e70b7f3a8c20f2feb4e7764eebad2e6976bc9a3eee7686ce9
uuid	1.2-2	dependency	b1b73b87180d7b15095e6b33092ccf9dbd7ed3177791682711b8151ebbe9025f
V8	8.2.0	dependency	72974b10eeb5cbfd9208c6b448195685e3e6b6e19bd1f6efb03293309c91a92b
vctrs	0.7.3	dependency	b45078413e06ac624dddb7221a3a43908b405c8abec09822cb86638d30b0435b
viridisLite	0.4.3	dependency	433be9bde66234dc76301fb4ffbbc9fc74bab5c14f4548d8ef2fc0065e121ef5
waldo	0.6.2	dependency	b22a746be625eec49736d2a0a18d96c45c14d97e30e42bc81a0740f3194e07fa
withr	3.0.3	dependency	d86c6454164fc85678bfc85e2a6cce42f7461d45fa9a87de71f376e7956c991e
xfun	0.60	dependency	6f5d4fe2067bade6d7b33916f86d756a017c068296c885a6e22c30b557b84597
xml2	1.6.0	dependency	b0660edab0a839866a0cccd44721c54d497000fd6577a25106a33280318bf579
xopen	1.0.1	dependency	e3b278b8c324a1aa2650141dd89d01253eea5c2555007422c797915689b29aec
yaml	2.3.12	dependency	80ccf3dde851133ef3e333b818a817c296c6ccdacfc4709cd466995289cd556c
