Artifact	Path	SourceSHA256	Placeholder
r-base-3.6.3-hbcea092_8	lib/R/etc/Makeconf	4c258270a8515c6a49c5ae27d690dd3265d4456dcb57b6a1f36119ee8ae28a2f	/home/conda/feedstock_root/build_artifacts/r-base_1621283253293/_h_env_placehold_placehold_placehold_placehold_placehold_placehold_placehold_placehold_placehold_placehold_placehold_placehold_placehold_placehold_placehold_placehold_placehold_placehold_plac
r-base-3.6.3-hbcea092_8	lib/R/etc/ldpaths	7798493c5a29e8185c17a3c507320f7e9ed2266c02f5bbcdae0fd234f0500012	/home/conda/feedstock_root/build_artifacts/r-base_1621283253293/_h_env_placehold_placehold_placehold_placehold_placehold_placehold_placehold_placehold_placehold_placehold_placehold_placehold_placehold_placehold_placehold_placehold_placehold_placehold_plac
