# platform: linux-64
# runtime: R 4.5.2
@EXPLICIT
https://conda.anaconda.org/conda-forge/linux-64/_openmp_mutex-4.5-20_gnu.conda#1dd3fffd892081df9726d7eb7e0dea6198962ba775bd88842135a4ddb4deb3c9
https://conda.anaconda.org/conda-forge/linux-64/binutils_impl_linux-64-2.45.1-default_hfdba357_102.conda#0a7d405064f53b9d91d92515f1460f7906ee5e8523f3cd8973430e81219f4917
https://conda.anaconda.org/conda-forge/linux-64/binutils_linux-64-2.45.1-default_h4852527_102.conda#78a58d523d072b7f8e591b8f8572822e044b31764ed7e8d170392e7bc6d58339
https://conda.anaconda.org/conda-forge/linux-64/binutils-2.45.1-default_h4852527_102.conda#3c7c5580c1720206f28b7fa3d60d17986b3f32465e63009c14c9ae1ea64f926c
https://conda.anaconda.org/conda-forge/linux-64/bwidget-1.10.1-ha770c72_1.conda#c88dd33c89b33409ebcd558d78fdc66a63c18f8b06e04d170668ffb6c8ecfabd
https://conda.anaconda.org/conda-forge/linux-64/bzip2-1.0.8-hda65f42_9.conda#0b75d45f0bba3e95dc693336fa51f40ea28c980131fec438afb7ce6118ed05f6
https://conda.anaconda.org/conda-forge/linux-64/c-ares-1.34.7-hb03c661_0.conda#2492fb98e8460765b7c32df1e910029c5a7d7298ab598e6df483e66e113fad2f
https://conda.anaconda.org/conda-forge/linux-64/c-compiler-1.11.0-h4d9bdce_0.conda#8e7a40f16400d7839c82581410aa05c1f8324a693c9d50079f8c50dc9fb241f0
https://conda.anaconda.org/conda-forge/linux-64/cairo-1.18.4-he90730b_1.conda#06525fa0c4e4f56e771a3b986d0fdf0f0fc5a3270830ee47e127a5105bde1b9a
https://conda.anaconda.org/conda-forge/linux-64/conda-gcc-specs-14.3.0-he8ccf15_19.conda#769357d82d19f59c23888d935d92b67739bdb2acaacaa7bbe7c4fe4ee5346287
https://conda.anaconda.org/conda-forge/linux-64/curl-8.21.0-hae6b9f4_2.conda#ae0b83efb7545ea40845253b76bbfeb12349bd32001728b8f58d726cd532d467
https://conda.anaconda.org/conda-forge/linux-64/fontconfig-2.18.1-h27c8c51_0.conda#2e50bdcebdf70a865b81f2456bbc586386451ec601c60f2b6cd22b8c40a2d384
https://conda.anaconda.org/conda-forge/linux-64/freetype-2.14.3-ha770c72_0.conda#c934c385889c7836f034039b43b05ccfa98f53c900db03d8411189892ced090b
https://conda.anaconda.org/conda-forge/linux-64/fribidi-1.0.16-hb03c661_0.conda#858283ff33d4c033f4971bf440cebff217d5552a5222ba994c49be990dacd40d
https://conda.anaconda.org/conda-forge/linux-64/gcc_impl_linux-64-14.3.0-h235f0fe_19.conda#1e2500ca976d4831c953d1c6db7b238d2e6806910b930e3eb631b79ba5c3ba41
https://conda.anaconda.org/conda-forge/linux-64/gcc_linux-64-14.3.0-h50e9bb6_27.conda#d7f427d6db94a5eed2a43b186f8dc17cc1fbeb03517442390a36f1cde02548b0
https://conda.anaconda.org/conda-forge/linux-64/gcc-14.3.0-h0dff253_19.conda#e3f541c4be7296b800a972482b7a5e399614d5e3310d3d083257fbdb4df81ea0
https://conda.anaconda.org/conda-forge/linux-64/gfortran_impl_linux-64-14.3.0-h1a219da_19.conda#aee591aab674d70829ecc1abaa7f2ad5fcccbfad7bafa5ebca1225c86c60f18f
https://conda.anaconda.org/conda-forge/linux-64/graphite2-1.3.15-hecca717_0.conda#885fa7d1d7e2ad9ed0a700ee0d81ceb49de278253082d517959b22d6336eecce
https://conda.anaconda.org/conda-forge/linux-64/gsl-2.7-he838d99_0.tar.bz2#132a918b676dd1f533d7c6f95e567abf7081a6ea3251c3280de35ef600e0da87
https://conda.anaconda.org/conda-forge/linux-64/gxx_impl_linux-64-14.3.0-h2185e75_19.conda#a31694c26d6a525d44f81130ebf7b9abe18771b7eaecb2cf93630c0b8b8fb936
https://conda.anaconda.org/conda-forge/linux-64/harfbuzz-14.2.1-ha770c72_1.conda#853beec89ff91cbbf630f1d305b69153eb28a3cb78af95ddc1fb4d30e524c6f4
https://conda.anaconda.org/conda-forge/linux-64/icu-78.3-h33c6efd_0.conda#fbf86c4a59c2ed05bbffb2ba25c7ed94f6185ec30ecb691615d42342baa1a16a
https://conda.anaconda.org/conda-forge/linux-64/keyutils-1.6.3-hb9d3cd8_0.conda#0960d06048a7185d3542d850986d807c6e37ca2e644342dd0c72feefcf26c2a4
https://conda.anaconda.org/conda-forge/linux-64/krb5-1.22.2-hbde042b_1.conda#9b07046870772f28740e3f6149f09ff222843733087a33c5540b169c6289652d
https://conda.anaconda.org/conda-forge/linux-64/ld_impl_linux-64-2.45.1-default_hbd61a6d_102.conda#3d584956604909ff5df353767f3a2a2f60e07d070b328d109f30ac40cd62df6c
https://conda.anaconda.org/conda-forge/linux-64/lerc-4.1.0-hdb68285_0.conda#f84cb54782f7e9cea95e810ea8fef186e0652d0fa73d3009914fa2c1262594e1
https://conda.anaconda.org/conda-forge/linux-64/libblas-3.11.0-8_h4a7cf45_openblas.conda#b2da6bfd72a1c9cb143ccf64bf5b28790cb4eb58bd1cb978f6537b2322f7d48b
https://conda.anaconda.org/conda-forge/linux-64/libcblas-3.11.0-8_h0358290_openblas.conda#1a2bc77bb26520255904a3d9b1f40e6bf0bf9d8d3405c7709dd162282820915a
https://conda.anaconda.org/conda-forge/linux-64/libcurl-8.21.0-hae6b9f4_2.conda#ba8354084b34fce56d5697982fce4a384c148e972e15c0ab891187617fe7ec29
https://conda.anaconda.org/conda-forge/linux-64/libdeflate-1.25-h17f619e_0.conda#aa8e8c4be9a2e81610ddf574e05b64ee131fab5e0e3693210c9d6d2fba32c680
https://conda.anaconda.org/conda-forge/linux-64/libedit-3.1.20250104-pl5321h7949ede_0.conda#d789471216e7aba3c184cd054ed61ce3f6dac6f87a50ec69291b9297f8c18724
https://conda.anaconda.org/conda-forge/linux-64/libev-4.33-hd590300_2.conda#1cd6048169fa0395af74ed5d8f1716e22c19a81a8a36f934c110ca3ad4dd27b4
https://conda.anaconda.org/conda-forge/linux-64/libexpat-2.8.1-hecca717_1.conda#16feffd9ddbbe5b718515d38ee376c685ba95491cd901244e24671d20b952a77
https://conda.anaconda.org/conda-forge/linux-64/libffi-3.5.2-h3435931_0.conda#31f19b6a88ce40ebc0d5a992c131f57d919f73c0b92cd1617a5bec83f6e961e6
https://conda.anaconda.org/conda-forge/linux-64/libfreetype-2.14.3-ha770c72_0.conda#38f014a7129e644636e46064ecd6b1945e729c2140e21d75bb476af39e692db2
https://conda.anaconda.org/conda-forge/linux-64/libfreetype6-2.14.3-h73754d4_0.conda#16f020f96da79db1863fcdd8f2b8f4f7d52f177dd4c58601e38e9182e91adf1d
https://conda.anaconda.org/conda-forge/linux-64/libgcc-15.2.0-he0feb66_19.conda#8e0a3b5e41272e5678499b5dfc4cddb673f9e935de01eb0767ce857001229f46
https://conda.anaconda.org/conda-forge/linux-64/libgcc-ng-15.2.0-h69a702a_19.conda#9dcf54adfaa5e861123c2da4f2f0451a685464ea7e5a41ad91cf67b31d658d98
https://conda.anaconda.org/conda-forge/linux-64/libgfortran-15.2.0-h69a702a_19.conda#561a42758ef25b9ce308c4e2cf56daee4f06138385a17e29a492cd928e00be6f
https://conda.anaconda.org/conda-forge/linux-64/libgfortran-ng-15.2.0-h69a702a_19.conda#9ca1d254a3e44e608abec6186b18d372cec21e5253e6da9750f4a8f4780ea0bb
https://conda.anaconda.org/conda-forge/linux-64/libgfortran5-15.2.0-h68bc16d_19.conda#057978bb69fea29ed715a9b98adf71015c31baecc4aeb2bfc20d4fd5d83579d4
https://conda.anaconda.org/conda-forge/linux-64/libglib-2.88.2-h0d30a3d_0.conda#4bee10e62796f01e4fa2b5849135b1cc061337fe9cf5eb9bd79e9664922ae0e4
https://conda.anaconda.org/conda-forge/linux-64/libgomp-15.2.0-he0feb66_19.conda#5abe4ab9d93f6c9757d654f1969ae2267d4505315c1f2f8fe705fd60af084f1b
https://conda.anaconda.org/conda-forge/linux-64/libharfbuzz-14.2.1-h17a8019_1.conda#821c315f6b5171aa89e735be2ad84e74eb3f898fc7610ee36cfecd95dfa789e8
https://conda.anaconda.org/conda-forge/linux-64/libharfbuzz-devel-14.2.1-h17a8019_1.conda#6d8e793042affd18ca1784b7794fab14d16f54f984777ce6ab86bacaa465ab0d
https://conda.anaconda.org/conda-forge/linux-64/libiconv-1.18-h3b78370_2.conda#c467851a7312765447155e071752d7bf9bf44d610a5687e32706f480aad2833f
https://conda.anaconda.org/conda-forge/linux-64/libjpeg-turbo-3.2.0-hb03c661_0.conda#716332fd31b3808da7a4235a05212a9e9da05e854864c3def2dea0b5d2bf7610
https://conda.anaconda.org/conda-forge/linux-64/liblapack-3.11.0-8_h47877c9_openblas.conda#168e327d737059553e15cc6ec36d76b9bbb3931c2a7721555fd68b4c9348b247
https://conda.anaconda.org/conda-forge/linux-64/liblzma-5.8.3-hb03c661_0.conda#ec30e52a3c1bf7d0425380a189d209a52baa03f22fb66dd3eb587acaa765bd6d
https://conda.anaconda.org/conda-forge/linux-64/libnghttp2-1.68.1-h877daf1_0.conda#663444d77a42f2265f54fb8b48c5450bfff4388d9c0f8253dd7855f0d993153f
https://conda.anaconda.org/conda-forge/linux-64/libopenblas-0.3.33-pthreads_h94d23a6_0.conda#3d9aa85648e5e18a6d66db98b8c4317cc426721ad7a220aa86330d1ccedc8903
https://conda.anaconda.org/conda-forge/linux-64/libpng-1.6.58-h421ea60_0.conda#377cfe037f3eeb3b1bf3ad333f724a64d32f315ee1958581fc671891d63d3f89
https://conda.anaconda.org/conda-forge/linux-64/libpsl-0.22.0-h49b2146_1.conda#71118885feab91c61bea4e9532ec46e0653b24f02e563681f822915aee8435bb
https://conda.anaconda.org/conda-forge/linux-64/libsanitizer-14.3.0-h8f1669f_19.conda#8766de5423b0a510e2b1bdd1963d0554bdad2119f3e31d8fbd4189af434235ca
https://conda.anaconda.org/conda-forge/linux-64/libssh2-1.11.1-hcf80075_0.conda#fa39bfd69228a13e553bd24601332b7cfeb30ca11a3ca50bb028108fe90a7661
https://conda.anaconda.org/conda-forge/linux-64/libstdcxx-15.2.0-h934c35e_19.conda#dff1058c76ec6b8759e41cefa2508162d00e4a5e6721aa68ec3fd10094e702dc
https://conda.anaconda.org/conda-forge/linux-64/libstdcxx-ng-15.2.0-hdf11a46_19.conda#0672b6b6e1791c92e8eccad58081a99d614fcf82bca5841f9dfa3c3e658f83b9
https://conda.anaconda.org/conda-forge/linux-64/libtiff-4.7.2-h9d88235_0.conda#b31346e1c01ab40a170e91147092ee8fd92b1dee3c66ee47ef025571c879b159
https://conda.anaconda.org/conda-forge/linux-64/libuuid-2.42.2-h5347b49_0.conda#9b1bdce27a7e31f7d241aeecff67a1f3101d52a2b1e33ccc2cdf2613072bf81f
https://conda.anaconda.org/conda-forge/linux-64/libuv-1.52.1-h280c20c_0.conda#e28e4519223f78b3163599ca89c3f2d80bfb53e907e7fc74e806e60d1efa578b
https://conda.anaconda.org/conda-forge/linux-64/libwebp-base-1.6.0-hd42ef1d_0.conda#3aed21ab28eddffdaf7f804f49be7a7d701e8f0e46c856d801270b470820a37b
https://conda.anaconda.org/conda-forge/linux-64/libxcb-1.17.0-h8a09558_0.conda#666c0c431b23c6cec6e492840b176dde533d48b7e6fb8883f5071223433776aa
https://conda.anaconda.org/conda-forge/linux-64/libzlib-1.3.2-h25fd6f3_2.conda#55044c403570f0dc26e6364de4dc5368e5f3fc7ff103e867c487e2b5ab2bcda9
https://conda.anaconda.org/conda-forge/linux-64/make-4.4.1-hb9d3cd8_2.conda#d652c7bd4d3b6f82b0f6d063b0d8df6f54cc47531092d7ff008e780f3261bdda
https://conda.anaconda.org/conda-forge/linux-64/ncurses-6.6-hdb14827_0.conda#fc89f74bbe362fb29fa3c037697a89bec140b346a2469a90f7936d1d7ea4d8a3
https://conda.anaconda.org/conda-forge/linux-64/openssl-3.6.3-h35e630c_0.conda#d48f5c22b9897c01e4dff3680f1f57ceb02711ab9c62f74339b080419dfad34b
https://conda.anaconda.org/conda-forge/linux-64/pango-1.56.4-hda50119_1.conda#315b52bfa6d1a820f4806f6490d472581438a28e21df175290477caec18972b0
https://conda.anaconda.org/conda-forge/linux-64/pcre2-10.47-haa7fec5_0.conda#5e6f7d161356fefd981948bea5139c5aa0436767751a6930cb1ca801ebb113ff
https://conda.anaconda.org/conda-forge/linux-64/pixman-0.46.4-h54a6638_1.conda#43d37bc9ca3b257c5dd7bf76a8426addbdec381f6786ff441dc90b1a49143b6a
https://conda.anaconda.org/conda-forge/linux-64/pkg-config-0.29.2-h4bc722e_1009.conda#c9601efb1af5391317e04eca77c6fe4d716bf1ca1ad8da2a05d15cb7c28d7d4e
https://conda.anaconda.org/conda-forge/linux-64/pthread-stubs-0.4-hb9d3cd8_1002.conda#9c88f8c64590e9567c6c80823f0328e58d3b1efb0e1c539c0315ceca764e0973
https://conda.anaconda.org/conda-forge/linux-64/r-backports-1.5.1-r45h54b55ab_0.conda#fee4a4edfc81b45a79fa7da152b8a46cccf5caad6f0fcf86758a55dcb366af63
https://conda.anaconda.org/conda-forge/linux-64/r-base-4.5.2-h1fbe982_4.conda#9491f5fcd3f3734847622d61a83db45da945cbfe01a77c1a068cfc436cef68a0
https://conda.anaconda.org/conda-forge/linux-64/r-brio-1.1.5-r45h54b55ab_2.conda#3711f8f1b22725994382eb3253035c8b5190343a6724a7ceb0746637386a4f2e
https://conda.anaconda.org/conda-forge/linux-64/r-checkmate-2.3.3-r45h54b55ab_1.conda#d5c286c6eb44bc9fa14822989f6005b3232a31907ac4cfc823d3fbd3e95c4860
https://conda.anaconda.org/conda-forge/linux-64/r-cli-3.6.6-r45h3697838_0.conda#a894e558a680a31444090de217b73f8fc06a3f4c07746d2cde4b6f86acdae0b1
https://conda.anaconda.org/conda-forge/linux-64/r-data.table-1.18.4-r45h1c8cec4_0.conda#fc5c6970d5ebbb92ccb61313efab7160869ae2851e48105e5dfff10f939a4bf6
https://conda.anaconda.org/conda-forge/linux-64/r-diffobj-0.3.6-r45h54b55ab_1.conda#9329c0ffdbfce664893d83add06fcf73f0f7046d12cacb074192176f236cabf6
https://conda.anaconda.org/conda-forge/linux-64/r-digest-0.6.39-r45h3697838_0.conda#33ce40552bc1810252c4445082392638ff2fb883147cf36c3e4017e9b0dc5474
https://conda.anaconda.org/conda-forge/linux-64/r-ellipsis-0.3.3-r45h54b55ab_0.conda#19d03273f9d5e1aa41302e1cf080dcb95ced5b955bc978df39eee71a9686a86c
https://conda.anaconda.org/conda-forge/linux-64/r-fansi-1.0.7-r45h54b55ab_0.conda#68dcc5aa6fc4408f9cac5aeaa03a7e6a5d127a949fc72b3fed31fd1af3bbeee5
https://conda.anaconda.org/conda-forge/linux-64/r-fs-2.1.0-r45h3697838_0.conda#748304679610fe9f5d078f5b9be7c8693858ff5f66db55e43fb98d0e4e07d375
https://conda.anaconda.org/conda-forge/linux-64/r-glue-1.8.1-r45h54b55ab_0.conda#c2760270ffabd95e9d0a0caa9cc705c5a0370ad119ace5495acc043b1a35d198
https://conda.anaconda.org/conda-forge/linux-64/r-jsonlite-2.0.0-r45h54b55ab_1.conda#bd24c57226192b0decdcddd6fd5fa74db1f29685904e4aff87f2c16eb6493416
https://conda.anaconda.org/conda-forge/linux-64/r-lhs-1.3.0-r45h3697838_0.conda#21e45271fead198027c9f3974e84dabc23b781e6862eac07ebd9c904c4b770b6
https://conda.anaconda.org/conda-forge/linux-64/r-magrittr-2.0.5-r45h54b55ab_0.conda#5b09fdee8ef5426082844d17d360756922ba74f9e3c428f501373295a5e9228d
https://conda.anaconda.org/conda-forge/linux-64/r-mlr3misc-0.22.0-r45h54b55ab_0.conda#9a55033849183d1e490d479e9b1bba8416cde186e4e1018d4f374463e360cdbb
https://conda.anaconda.org/conda-forge/linux-64/r-processx-3.9.0-r45h54b55ab_0.conda#7f69cd631f28279b4c706fe2341d8ffbd13cc10ed98e648d0c214ceecce4f877
https://conda.anaconda.org/conda-forge/linux-64/r-ps-1.9.3-r45h54b55ab_0.conda#598576cd282f2b9c8280696c77b3a9e05d52a8f688174d6c6ed1b3bdad57bcdf
https://conda.anaconda.org/conda-forge/linux-64/r-rcpp-1.1.2-r45h3697838_0.conda#dabb73c4d43f352a3154067a20a46cbda1e1027636e72d133010f6f052e8d260
https://conda.anaconda.org/conda-forge/linux-64/r-rlang-1.3.0-r45h3697838_0.conda#13aed8664cbf46946eed067d1708ee1a8dcbd7cf32d361c7a03a9bf3f83ac425
https://conda.anaconda.org/conda-forge/linux-64/r-spacefillr-0.4.0-r45h3697838_3.conda#09f0a10454d87223774768f9046d18edb46b32937f67294dbc68fb8f0418ea4a
https://conda.anaconda.org/conda-forge/linux-64/r-testthat-3.3.2-r45h3697838_0.conda#0b526259e82140c26311dba589e65fd2fdcf3a559f8b07640464c2e5141f6468
https://conda.anaconda.org/conda-forge/linux-64/r-tibble-3.3.1-r45h54b55ab_0.conda#256d782fb5773d678f29b88a2c987eb47065e2393a080ca16f400b0256de65bb
https://conda.anaconda.org/conda-forge/linux-64/r-utf8-1.2.6-r45h54b55ab_1.conda#97186abdf7c29872e012c9fe05ec16c019b58c43ac7b778baa480a8acae9c914
https://conda.anaconda.org/conda-forge/linux-64/r-vctrs-0.7.3-r45h3697838_0.conda#73b0cdea9f85496b80e75ffa20f94aa4ab746f4b7af566742e22381bffa6772d
https://conda.anaconda.org/conda-forge/linux-64/r-xfun-0.59-r45h54b55ab_0.conda#6be0ff552429f4bc0351078518024dbf4103abc1b27558e54e37fe7e8c3acf77
https://conda.anaconda.org/conda-forge/linux-64/r-yaml-2.3.12-r45h54b55ab_0.conda#f8944d47eccfdb2c04e27fd65797de7468ccc5d9f3fc3d9af296da613d75d79c
https://conda.anaconda.org/conda-forge/linux-64/readline-8.3-h853b02a_0.conda#12ffde5a6f958e285aa22c191ca01bbd3d6e710aa852e00618fa6ddc59149002
https://conda.anaconda.org/conda-forge/linux-64/sed-4.10-h19d0853_0.conda#b013d2085ce4ac01daec7b30472e9f3b6c2d69eb3a3a85a6cee3e01a3cb4f61a
https://conda.anaconda.org/conda-forge/linux-64/tk-8.6.13-noxft_h366c992_103.conda#cafeec44494f842ffeca27e9c8b0c27ed714f93ac77ddadc6aaf726b5554ebac
https://conda.anaconda.org/conda-forge/linux-64/tktable-2.10-h5a7a40f_8.conda#3e20b2f2902a1f402ef2420ce2b9e8c91f9e02748d55530894ac1f640561fdd0
https://conda.anaconda.org/conda-forge/linux-64/xorg-libice-1.1.2-hb9d3cd8_0.conda#c12396aabb21244c212e488bbdc4abcdef0b7404b15761d9329f5a4a39113c4b
https://conda.anaconda.org/conda-forge/linux-64/xorg-libsm-1.2.6-he73a12e_0.conda#277841c43a39f738927145930ff963c5ce4c4dacf66637a3d95d802a64173250
https://conda.anaconda.org/conda-forge/linux-64/xorg-libx11-1.8.13-he1eb515_0.conda#516d4060139dbb4de49a4dcdc6317a9353fb39ebd47789c14e6fe52de0deee42
https://conda.anaconda.org/conda-forge/linux-64/xorg-libxau-1.0.12-hb03c661_1.conda#6bc6ab7a90a5d8ac94c7e300cc10beb0500eeba4b99822768ca2f2ef356f731b
https://conda.anaconda.org/conda-forge/linux-64/xorg-libxdmcp-1.1.5-hb03c661_1.conda#25d255fb2eef929d21ff660a0c687d38a6d2ccfbcbf0cc6aa738b12af6e9d142
https://conda.anaconda.org/conda-forge/linux-64/xorg-libxext-1.3.7-hb03c661_0.conda#79c60fc6acfd3d713d6340d3b4e296836a0f8c51602327b32794625826bd052f
https://conda.anaconda.org/conda-forge/linux-64/xorg-libxrender-0.9.12-hb9d3cd8_0.conda#044c7b3153c224c6cedd4484dd91b389d2d7fd9c776ad0f4a34f099b3389f4a1
https://conda.anaconda.org/conda-forge/linux-64/xorg-libxt-1.3.1-hb9d3cd8_0.conda#a8afba4a55b7b530eb5c8ad89737d60d60bc151a03fbef7a2182461256953f0e
https://conda.anaconda.org/conda-forge/linux-64/zstd-1.5.7-hb78ec9c_6.conda#68f0206ca6e98fea941e5717cec780ed2873ffabc0e1ed34428c061e2c6268c7
https://conda.anaconda.org/conda-forge/noarch/_r-mutex-1.0.1-anacondar_1.tar.bz2#e58f9eeb416b92b550e824bcb1b9fb1958dee69abfe3089dfd1a9173e3a0528a
https://conda.anaconda.org/conda-forge/noarch/ca-certificates-2026.6.17-hbd8a1cb_0.conda#f8e3c730fa14ee3f170493779f06522c4acf89169f43db4f039727709b6419cf
https://conda.anaconda.org/conda-forge/noarch/font-ttf-dejavu-sans-mono-2.37-hab24e00_0.tar.bz2#58d7f40d2940dd0a8aa28651239adbf5613254df0f75789919c4e6762054403b
https://conda.anaconda.org/conda-forge/noarch/font-ttf-inconsolata-3.000-h77eed37_0.tar.bz2#c52a29fdac682c20d252facc50f01e7c2e7ceac52aa9817aaf0bb83f7559ec5c
https://conda.anaconda.org/conda-forge/noarch/font-ttf-source-code-pro-2.038-h77eed37_0.tar.bz2#00925c8c055a2275614b4d983e1df637245e19058d79fc7dd1a93b8d9fb4b139
https://conda.anaconda.org/conda-forge/noarch/font-ttf-ubuntu-0.83-h77eed37_3.conda#2821ec1dc454bd8b9a31d0ed22a7ce22422c0aef163c59f49dfdf915d0f0ca14
https://conda.anaconda.org/conda-forge/noarch/fonts-conda-ecosystem-1-0.tar.bz2#a997f2f1921bb9c9d76e6fa2f6b408b7fa549edd349a77639c9fe7a23ea93e61
https://conda.anaconda.org/conda-forge/noarch/fonts-conda-forge-1-hc364b38_1.conda#54eea8469786bc2291cc40bca5f46438d3e062a399e8f53f013b6a9f50e98333
https://conda.anaconda.org/conda-forge/noarch/kernel-headers_linux-64-4.18.0-he073ed8_9.conda#41557eeadf641de6aeae49486cef30d02a6912d8da98585d687894afd65b356a
https://conda.anaconda.org/conda-forge/noarch/libgcc-devel_linux-64-14.3.0-hf649bbc_119.conda#e1815bb11d5abe886979e95889d84310d83d078d36a3567ca67cbf57a3876d88
https://conda.anaconda.org/conda-forge/noarch/libstdcxx-devel_linux-64-14.3.0-h9f08a49_119.conda#1b4263aa5d8c8c659e8e38b66868f42867347e0c8941513ee77269afc00a5186
https://conda.anaconda.org/conda-forge/noarch/r-assertthat-0.2.1-r45hc72bb7e_6.conda#90e7ae8aa427274d7d2e510060b68925e60e897ecaa5ea135bb33afa7eb12134
https://conda.anaconda.org/conda-forge/noarch/r-callr-3.7.6-r45hc72bb7e_2.conda#f9f49b2b845f279af84a33c8af19a915b2731c0bd892c608205cbad8a34f423d
https://conda.anaconda.org/conda-forge/noarch/r-crayon-1.5.3-r45hc72bb7e_2.conda#9126a0408696133893e674549ca7aef317768dba503765a7ed032616aabe5b49
https://conda.anaconda.org/conda-forge/noarch/r-desc-1.4.3-r45hc72bb7e_2.conda#b54c00d2ab9cca150f92120664a8a24cd63213d28c3e951c19575b24d9b57b61
https://conda.anaconda.org/conda-forge/noarch/r-evaluate-1.0.5-r45hc72bb7e_1.conda#d3accfeab1416151515c37e5edc94b18868998db4936183459f8040117d5c83c
https://conda.anaconda.org/conda-forge/noarch/r-highr-0.12-r45hc72bb7e_0.conda#e676112aac0dbfe123fcb3108cce376782211a096c898a3af46fdf32a37e12e9
https://conda.anaconda.org/conda-forge/noarch/r-knitr-1.51-r45hc72bb7e_0.conda#e2184f1cb58aedacd94d1dbe6e8b5dfa3508151f454e80f6bd49486bdb90625c
https://conda.anaconda.org/conda-forge/noarch/r-lifecycle-1.0.5-r45hc72bb7e_0.conda#b7a4d8d98a96d17d18c80fb7e1c8e6cb09b9bd2542e74d91a7f483afccb30ee6
https://conda.anaconda.org/conda-forge/noarch/r-pillar-1.11.1-r45hc72bb7e_0.conda#b3f281041ecff2d4a9f40073ad5e7ec6fa7e0c841068ce85c550bcce0ff8938d
https://conda.anaconda.org/conda-forge/noarch/r-pkgbuild-1.4.8-r45hc72bb7e_1.conda#3d1b97a5616663fabcb165968e2d1ad3732d316a0d38be259ca84533986a0093
https://conda.anaconda.org/conda-forge/noarch/r-pkgconfig-2.0.3-r45hc72bb7e_5.conda#fda425435a533e86da5f0fc89cf45c9f889a4e6f1e2ed536ca23662a8461602c
https://conda.anaconda.org/conda-forge/noarch/r-pkgload-1.5.3-r45hc72bb7e_0.conda#4b06f639e351305cd5ea983549d5d28ee574a042100584728e1404a7334ac3fe
https://conda.anaconda.org/conda-forge/noarch/r-praise-1.0.0-r45hc72bb7e_1009.conda#2f4b33c16d01df7d3a65cbb7a75989a2e3a1e068a354430da225d01d50870732
https://conda.anaconda.org/conda-forge/noarch/r-prettyunits-1.2.0-r45hc72bb7e_2.conda#0306580de6e867b9060595f5eedde4dbf531ee89c16dd3738dde995b30f3fe14
https://conda.anaconda.org/conda-forge/noarch/r-r6-2.6.1-r45hc72bb7e_1.conda#bd92e91332eba5f0c689583e80adec85ef272c4e0d0b36ee17cb7c11b5693cf2
https://conda.anaconda.org/conda-forge/noarch/r-rematch2-2.1.2-r45hc72bb7e_5.conda#20ec2130c80ac4b9f5488ea5b1d207b932e99b8a41beae62a58a3fcb98480025
https://conda.anaconda.org/conda-forge/noarch/r-rprojroot-2.1.1-r45hc72bb7e_1.conda#9e359973b9433ffaef7a65a1f3483723048427aee4a3208512863c4c70c409a4
https://conda.anaconda.org/conda-forge/noarch/r-waldo-0.6.2-r45hc72bb7e_1.conda#57eb80cb919524dde77b4c19f257ac9b327aba900e28298d990fa622f30b6f09
https://conda.anaconda.org/conda-forge/noarch/r-withr-3.0.3-r45hc72bb7e_0.conda#56f318c90bfc74f01339c83f0e1d0817c1b762ea46cd9e527fec9dcf244c5900
https://conda.anaconda.org/conda-forge/noarch/sysroot_linux-64-2.28-h4ee821c_9.conda#c47299fe37aebb0fcf674b3be588e67e4afb86225be4b0d452c7eb75c086b851
https://conda.anaconda.org/conda-forge/noarch/tzdata-2025c-hc9c84f9_1.conda#1d30098909076af33a35017eed6f2953af1c769e273a0626a04722ac4acaba3c
