Package	Version	Role	SHA256	URL	FallbackURL
backports	1.5.1	runtime-import	b8eeeabe3c27e1486f43e0b18dae57f0e870dd7c6979d3668df76bf0d4735bad	https://cloud.r-project.org/src/contrib/backports_1.5.1.tar.gz	https://cloud.r-project.org/src/contrib/Archive/backports/backports_1.5.1.tar.gz
checkmate	2.3.4	runtime-import	95e1068dee07d95c5e616dfd66e622cf245821acd358a77e790118c34ebd85ca	https://cloud.r-project.org/src/contrib/checkmate_2.3.4.tar.gz	https://cloud.r-project.org/src/contrib/Archive/checkmate/checkmate_2.3.4.tar.gz
data.table	1.18.4	runtime-import	d65256f0050a6443770d5982b5098a2a8c894f9675ed17053416c7815cbddeb9	https://cloud.r-project.org/src/contrib/data.table_1.18.4.tar.gz	https://cloud.r-project.org/src/contrib/Archive/data.table/data.table_1.18.4.tar.gz
mlr3misc	0.22.0	runtime-import	739e23e1a17d2ff43764656055b8aaa360dcce41907ac1867de0e7cd60e40ef5	https://cloud.r-project.org/src/contrib/mlr3misc_0.22.0.tar.gz	https://cloud.r-project.org/src/contrib/Archive/mlr3misc/mlr3misc_0.22.0.tar.gz
R6	2.6.1	runtime-import	59c6eba8b1b912eb7e104f65053235604be853425ee67c152ac4e86a1f2073b4	https://cloud.r-project.org/src/contrib/R6_2.6.1.tar.gz	https://cloud.r-project.org/src/contrib/Archive/R6/R6_2.6.1.tar.gz
cli	3.6.6	runtime-dependency	b2b58d6dd82f5798b335e39c00591686a01fd3e94399ef898e146173e36f18f9	https://cloud.r-project.org/src/contrib/cli_3.6.6.tar.gz	https://cloud.r-project.org/src/contrib/Archive/cli/cli_3.6.6.tar.gz
digest	0.6.39	runtime-dependency	8bf048b49b2d17077138fae758bda56bbd53278d9437f2fdeaedf979c90a13c9	https://cloud.r-project.org/src/contrib/digest_0.6.39.tar.gz	https://cloud.r-project.org/src/contrib/Archive/digest/digest_0.6.39.tar.gz
brio	1.1.4	test-framework	7705445ac0554ce9fcc5346b7da3bf3e9d27e96024adde0510dfb1b913ba952b	https://packagemanager.posit.co/cran/2024-04-14/src/contrib/brio_1.1.4.tar.gz	-
callr	3.7.6	test-support	5770715ba672f740e7aec9cf00a24c40ad9da99a11489b0cd0312ed32a6f598c	https://packagemanager.posit.co/cran/2024-04-14/src/contrib/callr_3.7.6.tar.gz	-
crayon	1.5.2	test-framework	caea4f7ef1ed483476ec151624e6aef3f34625ff20655da08d2222260d5ada63	https://packagemanager.posit.co/cran/2024-04-14/src/contrib/crayon_1.5.2.tar.gz	-
desc	1.4.3	test-framework	0771a5cf0bfacc22784b65d4e61715083326e76f52b36cb4924c6020eafd6d9f	https://packagemanager.posit.co/cran/2024-04-14/src/contrib/desc_1.4.3.tar.gz	-
diffobj	0.3.5	test-framework	98d0f34957b4ca2bb5d4881fe234607092a551c48a1c832846ce8bcc3bcf8591	https://packagemanager.posit.co/cran/2024-04-14/src/contrib/diffobj_0.3.5.tar.gz	-
evaluate	0.23	test-framework	a81b047f1505f29134ad9b26bc205630b24ae410b9e1e828b9efdb2a130eff2b	https://packagemanager.posit.co/cran/2024-04-14/src/contrib/evaluate_0.23.tar.gz	-
fansi	1.0.6	test-framework	318ed891e147fe6b9e81349705cf16b624571f68b0a2dccec711b382e05af4d0	https://packagemanager.posit.co/cran/2024-04-14/src/contrib/fansi_1.0.6.tar.gz	-
fs	1.6.3	test-framework	796925deaf1e21eaef17472aecdc3dd99fc5ec61297224b2d1e8b8c02c0702b4	https://packagemanager.posit.co/cran/2024-04-14/src/contrib/fs_1.6.3.tar.gz	-
glue	1.7.0	test-framework	b4b7ea2b45a137a7ebd627ea59d17fd02c82b00890e9c03b088bcc6d7998b752	https://packagemanager.posit.co/cran/2024-04-14/src/contrib/glue_1.7.0.tar.gz	-
jsonlite	1.8.8	test-framework	8f854ddeb6dbeb182a12aba110a2ecc9cdc2591ed5b3ec47a97ea37a5337e0b5	https://packagemanager.posit.co/cran/2024-04-14/src/contrib/jsonlite_1.8.8.tar.gz	-
lifecycle	1.0.4	test-framework	f1ffeddde5dc26dbc7ff42567e45c86a185c9e0f8afbf32b5a6fb44a58ce3011	https://packagemanager.posit.co/cran/2024-04-14/src/contrib/lifecycle_1.0.4.tar.gz	-
magrittr	2.0.3	test-framework	75ff93b5a783cefb34da6b0892e8ef39a4662b408af4e62f9b5a4caef35f78a3	https://packagemanager.posit.co/cran/2024-04-14/src/contrib/magrittr_2.0.3.tar.gz	-
pillar	1.9.0	test-framework	240c65b2740d7771423f68dd17e42eb2bc4991cfb1b22ab63aa8ad4994978087	https://packagemanager.posit.co/cran/2024-04-14/src/contrib/pillar_1.9.0.tar.gz	-
pkgbuild	1.4.4	test-framework	73e115febacbd983cb56cefbbdc6ede11ae1ba910d107e5cf3630fa378c6ba4d	https://packagemanager.posit.co/cran/2024-04-14/src/contrib/pkgbuild_1.4.4.tar.gz	-
pkgconfig	2.0.3	test-framework	fffe5625fb6912f3c4bb068561ec3025b15645fc0e4007b8e43ab78f87e4f8af	https://packagemanager.posit.co/cran/2024-04-14/src/contrib/pkgconfig_2.0.3.tar.gz	-
pkgload	1.3.4	test-framework	10aa94614ff1e794693038d29e8e8fdd5ab2acdd0180457fa3c9a902ad82b39f	https://packagemanager.posit.co/cran/2024-04-14/src/contrib/pkgload_1.3.4.tar.gz	-
praise	1.0.0	test-framework	f6c254c4c2ced5bf594e78f95003e7f0816619ead7e3c2e21eebf5b37eb5cc72	https://packagemanager.posit.co/cran/2024-04-14/src/contrib/praise_1.0.0.tar.gz	-
processx	3.8.4	test-framework	3ceab81c0d63d3c3da994a996e1d44e2430c705d7d588bb6d44e4f280275f198	https://packagemanager.posit.co/cran/2024-04-14/src/contrib/processx_3.8.4.tar.gz	-
ps	1.7.6	test-framework	03b2d2babcd4843959d533e99e6cebbfaf52b81fc8ec98c4f3921c15f5303854	https://packagemanager.posit.co/cran/2024-04-14/src/contrib/ps_1.7.6.tar.gz	-
rematch2	2.1.2	test-framework	ee41e478bef25a1dbcffdc16d5bee8e3fec8d50b4f563e47f0c3c31ea4c745ec	https://packagemanager.posit.co/cran/2024-04-14/src/contrib/rematch2_2.1.2.tar.gz	-
rlang	1.1.3	test-framework	4d34795494dd4b206816a64470cac2b035ec642e4f015feb0a93cd7d3c5058b1	https://packagemanager.posit.co/cran/2024-04-14/src/contrib/rlang_1.1.3.tar.gz	-
rprojroot	2.0.4	test-framework	bacae94a89448a487d2b7ad5a46d0e92c54ebe24408dfbdd5bb690fd29d4aab7	https://packagemanager.posit.co/cran/2024-04-14/src/contrib/rprojroot_2.0.4.tar.gz	-
testthat	3.2.1.1	test-framework	446a1188e019e94cf3c91cc30a6074515015c7a2da519202f505b4bb41253098	https://packagemanager.posit.co/cran/2024-04-14/src/contrib/testthat_3.2.1.1.tar.gz	-
tibble	3.2.1	test-framework	3f8ba09d7ec029a7c6cd4b91e1d92d15f1bd94096cf91534a08b2dcd58e496fe	https://packagemanager.posit.co/cran/2024-04-14/src/contrib/tibble_3.2.1.tar.gz	-
utf8	1.2.4	test-framework	6c774ac698e897703a88b868ecdb4daf6e8a8ebe295c9c31afec6f366d702d1f	https://packagemanager.posit.co/cran/2024-04-14/src/contrib/utf8_1.2.4.tar.gz	-
vctrs	0.6.5	test-framework	bf03b07e78fdf8e7ce39d85096d33d71a961cb40aa39ccd1fd8bbd441eac09f1	https://packagemanager.posit.co/cran/2024-04-14/src/contrib/vctrs_0.6.5.tar.gz	-
waldo	0.5.2	test-framework	01913a381309f59e4b8e6a1db7d9719cc299b3b20f04ff04abf250ad4ce0d767	https://packagemanager.posit.co/cran/2024-04-14/src/contrib/waldo_0.5.2.tar.gz	-
withr	3.0.0	test-framework	2cb924441baff74b90a09e831cb07cacda76891c0ebe7148c50bd1d9b5372a18	https://packagemanager.posit.co/cran/2024-04-14/src/contrib/withr_3.0.0.tar.gz	-
knitr	1.46	test-support	0cf6a73b629c0136438312bbd298dbc4a54232b4888bd3b6fe942fc3255c7d94	https://packagemanager.posit.co/cran/2024-04-14/src/contrib/knitr_1.46.tar.gz	-
highr	0.10	test-support	4c4d247bf8ab4288b0ad61b40572515c70d12602a1156e6ac1a417ee86ab6d90	https://packagemanager.posit.co/cran/2024-04-14/src/contrib/highr_0.10.tar.gz	-
xfun	0.43	test-support	402bf3f6e7ea985222adc37d4adc860a5770847db9acbf95573a8f05c8ad4805	https://packagemanager.posit.co/cran/2024-04-14/src/contrib/xfun_0.43.tar.gz	-
yaml	2.3.8	test-support	26b8dbb04cabc262067572da9f6401a55a9f8fc81536185773952a7d7649e69b	https://packagemanager.posit.co/cran/2024-04-14/src/contrib/yaml_2.3.8.tar.gz	-
Rcpp	1.0.12	test-support	5df4accac0baad4cf28c83467fbb3eacbfd1c488c8e869486696c79edf554da8	https://packagemanager.posit.co/cran/2024-04-14/src/contrib/Rcpp_1.0.12.tar.gz	-
lhs	1.1.6	test-support	01ebe8b05ce87177a2aedc2085b3c30282ff6ab1155abaa9e81eb047b0f933f1	https://packagemanager.posit.co/cran/2024-04-14/src/contrib/lhs_1.1.6.tar.gz	-
spacefillr	0.3.2	test-support	4bd0fa5cbd88dd700136c5c1edb347de9eaf98777f1e763b77048180e97c7c8e	https://packagemanager.posit.co/cran/2024-04-14/src/contrib/spacefillr_0.3.2.tar.gz	-
