# platform: linux-64
# runtime: R 4.3.3
@EXPLICIT
https://conda.anaconda.org/conda-forge/linux-64/_openmp_mutex-4.5-20_gnu.conda#1dd3fffd892081df9726d7eb7e0dea6198962ba775bd88842135a4ddb4deb3c9
https://conda.anaconda.org/conda-forge/linux-64/binutils_impl_linux-64-2.45.1-default_hfdba357_102.conda#0a7d405064f53b9d91d92515f1460f7906ee5e8523f3cd8973430e81219f4917
https://conda.anaconda.org/conda-forge/linux-64/binutils_linux-64-2.45.1-default_h4852527_102.conda#78a58d523d072b7f8e591b8f8572822e044b31764ed7e8d170392e7bc6d58339
https://conda.anaconda.org/conda-forge/linux-64/binutils-2.45.1-default_h4852527_102.conda#3c7c5580c1720206f28b7fa3d60d17986b3f32465e63009c14c9ae1ea64f926c
https://conda.anaconda.org/conda-forge/linux-64/bwidget-1.10.1-ha770c72_1.conda#c88dd33c89b33409ebcd558d78fdc66a63c18f8b06e04d170668ffb6c8ecfabd
https://conda.anaconda.org/conda-forge/linux-64/bzip2-1.0.8-hda65f42_9.conda#0b75d45f0bba3e95dc693336fa51f40ea28c980131fec438afb7ce6118ed05f6
https://conda.anaconda.org/conda-forge/linux-64/c-ares-1.34.7-hb03c661_0.conda#2492fb98e8460765b7c32df1e910029c5a7d7298ab598e6df483e66e113fad2f
https://conda.anaconda.org/conda-forge/linux-64/c-compiler-1.11.0-h4d9bdce_0.conda#8e7a40f16400d7839c82581410aa05c1f8324a693c9d50079f8c50dc9fb241f0
https://conda.anaconda.org/conda-forge/linux-64/cairo-1.18.4-he90730b_1.conda#06525fa0c4e4f56e771a3b986d0fdf0f0fc5a3270830ee47e127a5105bde1b9a
https://conda.anaconda.org/conda-forge/linux-64/conda-gcc-specs-14.3.0-he8ccf15_19.conda#769357d82d19f59c23888d935d92b67739bdb2acaacaa7bbe7c4fe4ee5346287
https://conda.anaconda.org/conda-forge/linux-64/curl-8.21.0-hae6b9f4_2.conda#ae0b83efb7545ea40845253b76bbfeb12349bd32001728b8f58d726cd532d467
https://conda.anaconda.org/conda-forge/linux-64/fontconfig-2.18.1-h27c8c51_0.conda#2e50bdcebdf70a865b81f2456bbc586386451ec601c60f2b6cd22b8c40a2d384
https://conda.anaconda.org/conda-forge/linux-64/freetype-2.14.3-ha770c72_0.conda#c934c385889c7836f034039b43b05ccfa98f53c900db03d8411189892ced090b
https://conda.anaconda.org/conda-forge/linux-64/fribidi-1.0.16-hb03c661_0.conda#858283ff33d4c033f4971bf440cebff217d5552a5222ba994c49be990dacd40d
https://conda.anaconda.org/conda-forge/linux-64/gcc_impl_linux-64-14.3.0-h235f0fe_19.conda#1e2500ca976d4831c953d1c6db7b238d2e6806910b930e3eb631b79ba5c3ba41
https://conda.anaconda.org/conda-forge/linux-64/gcc_linux-64-14.3.0-h50e9bb6_27.conda#d7f427d6db94a5eed2a43b186f8dc17cc1fbeb03517442390a36f1cde02548b0
https://conda.anaconda.org/conda-forge/linux-64/gcc-14.3.0-h0dff253_19.conda#e3f541c4be7296b800a972482b7a5e399614d5e3310d3d083257fbdb4df81ea0
https://conda.anaconda.org/conda-forge/linux-64/gfortran_impl_linux-64-14.3.0-h1a219da_19.conda#aee591aab674d70829ecc1abaa7f2ad5fcccbfad7bafa5ebca1225c86c60f18f
https://conda.anaconda.org/conda-forge/linux-64/graphite2-1.3.15-hecca717_0.conda#885fa7d1d7e2ad9ed0a700ee0d81ceb49de278253082d517959b22d6336eecce
https://conda.anaconda.org/conda-forge/linux-64/gsl-2.7-he838d99_0.tar.bz2#132a918b676dd1f533d7c6f95e567abf7081a6ea3251c3280de35ef600e0da87
https://conda.anaconda.org/conda-forge/linux-64/gxx_impl_linux-64-14.3.0-h2185e75_19.conda#a31694c26d6a525d44f81130ebf7b9abe18771b7eaecb2cf93630c0b8b8fb936
https://conda.anaconda.org/conda-forge/linux-64/harfbuzz-14.2.1-ha770c72_1.conda#853beec89ff91cbbf630f1d305b69153eb28a3cb78af95ddc1fb4d30e524c6f4
https://conda.anaconda.org/conda-forge/linux-64/icu-78.3-h33c6efd_0.conda#fbf86c4a59c2ed05bbffb2ba25c7ed94f6185ec30ecb691615d42342baa1a16a
https://conda.anaconda.org/conda-forge/linux-64/keyutils-1.6.3-hb9d3cd8_0.conda#0960d06048a7185d3542d850986d807c6e37ca2e644342dd0c72feefcf26c2a4
https://conda.anaconda.org/conda-forge/linux-64/krb5-1.22.2-hbde042b_1.conda#9b07046870772f28740e3f6149f09ff222843733087a33c5540b169c6289652d
https://conda.anaconda.org/conda-forge/linux-64/ld_impl_linux-64-2.45.1-default_hbd61a6d_102.conda#3d584956604909ff5df353767f3a2a2f60e07d070b328d109f30ac40cd62df6c
https://conda.anaconda.org/conda-forge/linux-64/lerc-4.1.0-hdb68285_0.conda#f84cb54782f7e9cea95e810ea8fef186e0652d0fa73d3009914fa2c1262594e1
https://conda.anaconda.org/conda-forge/linux-64/libblas-3.11.0-8_h4a7cf45_openblas.conda#b2da6bfd72a1c9cb143ccf64bf5b28790cb4eb58bd1cb978f6537b2322f7d48b
https://conda.anaconda.org/conda-forge/linux-64/libcblas-3.11.0-8_h0358290_openblas.conda#1a2bc77bb26520255904a3d9b1f40e6bf0bf9d8d3405c7709dd162282820915a
https://conda.anaconda.org/conda-forge/linux-64/libcurl-8.21.0-hae6b9f4_2.conda#ba8354084b34fce56d5697982fce4a384c148e972e15c0ab891187617fe7ec29
https://conda.anaconda.org/conda-forge/linux-64/libdeflate-1.25-h17f619e_0.conda#aa8e8c4be9a2e81610ddf574e05b64ee131fab5e0e3693210c9d6d2fba32c680
https://conda.anaconda.org/conda-forge/linux-64/libedit-3.1.20250104-pl5321h7949ede_0.conda#d789471216e7aba3c184cd054ed61ce3f6dac6f87a50ec69291b9297f8c18724
https://conda.anaconda.org/conda-forge/linux-64/libev-4.33-hd590300_2.conda#1cd6048169fa0395af74ed5d8f1716e22c19a81a8a36f934c110ca3ad4dd27b4
https://conda.anaconda.org/conda-forge/linux-64/libexpat-2.8.1-hecca717_1.conda#16feffd9ddbbe5b718515d38ee376c685ba95491cd901244e24671d20b952a77
https://conda.anaconda.org/conda-forge/linux-64/libffi-3.5.2-h3435931_0.conda#31f19b6a88ce40ebc0d5a992c131f57d919f73c0b92cd1617a5bec83f6e961e6
https://conda.anaconda.org/conda-forge/linux-64/libfreetype-2.14.3-ha770c72_0.conda#38f014a7129e644636e46064ecd6b1945e729c2140e21d75bb476af39e692db2
https://conda.anaconda.org/conda-forge/linux-64/libfreetype6-2.14.3-h73754d4_0.conda#16f020f96da79db1863fcdd8f2b8f4f7d52f177dd4c58601e38e9182e91adf1d
https://conda.anaconda.org/conda-forge/linux-64/libgcc-15.2.0-he0feb66_19.conda#8e0a3b5e41272e5678499b5dfc4cddb673f9e935de01eb0767ce857001229f46
https://conda.anaconda.org/conda-forge/linux-64/libgcc-ng-15.2.0-h69a702a_19.conda#9dcf54adfaa5e861123c2da4f2f0451a685464ea7e5a41ad91cf67b31d658d98
https://conda.anaconda.org/conda-forge/linux-64/libgfortran-15.2.0-h69a702a_19.conda#561a42758ef25b9ce308c4e2cf56daee4f06138385a17e29a492cd928e00be6f
https://conda.anaconda.org/conda-forge/linux-64/libgfortran-ng-15.2.0-h69a702a_19.conda#9ca1d254a3e44e608abec6186b18d372cec21e5253e6da9750f4a8f4780ea0bb
https://conda.anaconda.org/conda-forge/linux-64/libgfortran5-15.2.0-h68bc16d_19.conda#057978bb69fea29ed715a9b98adf71015c31baecc4aeb2bfc20d4fd5d83579d4
https://conda.anaconda.org/conda-forge/linux-64/libglib-2.88.2-h0d30a3d_0.conda#4bee10e62796f01e4fa2b5849135b1cc061337fe9cf5eb9bd79e9664922ae0e4
https://conda.anaconda.org/conda-forge/linux-64/libgomp-15.2.0-he0feb66_19.conda#5abe4ab9d93f6c9757d654f1969ae2267d4505315c1f2f8fe705fd60af084f1b
https://conda.anaconda.org/conda-forge/linux-64/libharfbuzz-14.2.1-h17a8019_1.conda#821c315f6b5171aa89e735be2ad84e74eb3f898fc7610ee36cfecd95dfa789e8
https://conda.anaconda.org/conda-forge/linux-64/libharfbuzz-devel-14.2.1-h17a8019_1.conda#6d8e793042affd18ca1784b7794fab14d16f54f984777ce6ab86bacaa465ab0d
https://conda.anaconda.org/conda-forge/linux-64/libiconv-1.18-h3b78370_2.conda#c467851a7312765447155e071752d7bf9bf44d610a5687e32706f480aad2833f
https://conda.anaconda.org/conda-forge/linux-64/libjpeg-turbo-3.2.0-hb03c661_0.conda#716332fd31b3808da7a4235a05212a9e9da05e854864c3def2dea0b5d2bf7610
https://conda.anaconda.org/conda-forge/linux-64/liblapack-3.11.0-8_h47877c9_openblas.conda#168e327d737059553e15cc6ec36d76b9bbb3931c2a7721555fd68b4c9348b247
https://conda.anaconda.org/conda-forge/linux-64/liblzma-5.8.3-hb03c661_0.conda#ec30e52a3c1bf7d0425380a189d209a52baa03f22fb66dd3eb587acaa765bd6d
https://conda.anaconda.org/conda-forge/linux-64/libnghttp2-1.68.1-h877daf1_0.conda#663444d77a42f2265f54fb8b48c5450bfff4388d9c0f8253dd7855f0d993153f
https://conda.anaconda.org/conda-forge/linux-64/libopenblas-0.3.33-pthreads_h94d23a6_0.conda#3d9aa85648e5e18a6d66db98b8c4317cc426721ad7a220aa86330d1ccedc8903
https://conda.anaconda.org/conda-forge/linux-64/libpng-1.6.58-h421ea60_0.conda#377cfe037f3eeb3b1bf3ad333f724a64d32f315ee1958581fc671891d63d3f89
https://conda.anaconda.org/conda-forge/linux-64/libpsl-0.22.0-h49b2146_1.conda#71118885feab91c61bea4e9532ec46e0653b24f02e563681f822915aee8435bb
https://conda.anaconda.org/conda-forge/linux-64/libsanitizer-14.3.0-h8f1669f_19.conda#8766de5423b0a510e2b1bdd1963d0554bdad2119f3e31d8fbd4189af434235ca
https://conda.anaconda.org/conda-forge/linux-64/libssh2-1.11.1-hcf80075_0.conda#fa39bfd69228a13e553bd24601332b7cfeb30ca11a3ca50bb028108fe90a7661
https://conda.anaconda.org/conda-forge/linux-64/libstdcxx-15.2.0-h934c35e_19.conda#dff1058c76ec6b8759e41cefa2508162d00e4a5e6721aa68ec3fd10094e702dc
https://conda.anaconda.org/conda-forge/linux-64/libstdcxx-ng-15.2.0-hdf11a46_19.conda#0672b6b6e1791c92e8eccad58081a99d614fcf82bca5841f9dfa3c3e658f83b9
https://conda.anaconda.org/conda-forge/linux-64/libtiff-4.7.2-h9d88235_0.conda#b31346e1c01ab40a170e91147092ee8fd92b1dee3c66ee47ef025571c879b159
https://conda.anaconda.org/conda-forge/linux-64/libuuid-2.42.2-h5347b49_0.conda#9b1bdce27a7e31f7d241aeecff67a1f3101d52a2b1e33ccc2cdf2613072bf81f
https://conda.anaconda.org/conda-forge/linux-64/libwebp-base-1.6.0-hd42ef1d_0.conda#3aed21ab28eddffdaf7f804f49be7a7d701e8f0e46c856d801270b470820a37b
https://conda.anaconda.org/conda-forge/linux-64/libxcb-1.17.0-h8a09558_0.conda#666c0c431b23c6cec6e492840b176dde533d48b7e6fb8883f5071223433776aa
https://conda.anaconda.org/conda-forge/linux-64/libzlib-1.3.2-h25fd6f3_2.conda#55044c403570f0dc26e6364de4dc5368e5f3fc7ff103e867c487e2b5ab2bcda9
https://conda.anaconda.org/conda-forge/linux-64/make-4.4.1-hb9d3cd8_2.conda#d652c7bd4d3b6f82b0f6d063b0d8df6f54cc47531092d7ff008e780f3261bdda
https://conda.anaconda.org/conda-forge/linux-64/ncurses-6.6-hdb14827_0.conda#fc89f74bbe362fb29fa3c037697a89bec140b346a2469a90f7936d1d7ea4d8a3
https://conda.anaconda.org/conda-forge/linux-64/openssl-3.6.3-h35e630c_0.conda#d48f5c22b9897c01e4dff3680f1f57ceb02711ab9c62f74339b080419dfad34b
https://conda.anaconda.org/conda-forge/linux-64/pango-1.56.4-hda50119_1.conda#315b52bfa6d1a820f4806f6490d472581438a28e21df175290477caec18972b0
https://conda.anaconda.org/conda-forge/linux-64/pcre2-10.47-haa7fec5_0.conda#5e6f7d161356fefd981948bea5139c5aa0436767751a6930cb1ca801ebb113ff
https://conda.anaconda.org/conda-forge/linux-64/pixman-0.46.4-h54a6638_1.conda#43d37bc9ca3b257c5dd7bf76a8426addbdec381f6786ff441dc90b1a49143b6a
https://conda.anaconda.org/conda-forge/linux-64/pkg-config-0.29.2-h4bc722e_1009.conda#c9601efb1af5391317e04eca77c6fe4d716bf1ca1ad8da2a05d15cb7c28d7d4e
https://conda.anaconda.org/conda-forge/linux-64/pthread-stubs-0.4-hb9d3cd8_1002.conda#9c88f8c64590e9567c6c80823f0328e58d3b1efb0e1c539c0315ceca764e0973
https://conda.anaconda.org/conda-forge/linux-64/r-backports-1.5.0-r43hb1dbf0f_1.conda#1956bb988860b03d6b8d8a103a001af8b3e09f22c2f8417b5f23ee0f78891e15
https://conda.anaconda.org/conda-forge/linux-64/r-base-4.3.3-h05019bb_23.conda#a2fece9e4c3d691801c8da65e491ce38ef72a64cde6f31badfaaf931b8f4245c
https://conda.anaconda.org/conda-forge/linux-64/r-brio-1.1.5-r43hb1dbf0f_1.conda#8210607652b2af652cb9309a5905f7ad358b604ac7b6933a4b55e704b1bcbdb4
https://conda.anaconda.org/conda-forge/linux-64/r-checkmate-2.3.3-r43h54b55ab_0.conda#045be1080f91b783e8803d71d788eab98755bc6c56e3e45201ee9a4af78aea28
https://conda.anaconda.org/conda-forge/linux-64/r-cli-3.6.5-r43h93ab643_0.conda#50161a9f3a7c24d27c949329ab7090b4e2e0da2925880371b32500057c1bcd52
https://conda.anaconda.org/conda-forge/linux-64/r-data.table-1.17.8-r43h1c8cec4_0.conda#9270473f8eade0f2936cff56ef1967dde673074171d9c17715246eee679499a3
https://conda.anaconda.org/conda-forge/linux-64/r-diffobj-0.3.6-r43h2b5f3a1_0.conda#8ee04b43921358be96d65ab5e2522359ca354f206784fe87bdf5c200b7942f89
https://conda.anaconda.org/conda-forge/linux-64/r-digest-0.6.37-r43h0d4f4ea_0.conda#fa6b14abad4345d72adecf5b7e80948ead2d85a511bf6962014c758614f74868
https://conda.anaconda.org/conda-forge/linux-64/r-ellipsis-0.3.2-r43hb1dbf0f_3.conda#f9c29817821721080e1995b9db966b6618372f9c5167e33742289ae97ace35a7
https://conda.anaconda.org/conda-forge/linux-64/r-fansi-1.0.6-r43hb1dbf0f_1.conda#21ad2a8e582dc1a11acf078c042f753cbbdc52b07510dd8a3f9d49e673f88902
https://conda.anaconda.org/conda-forge/linux-64/r-fs-1.6.6-r43h93ab643_0.conda#4e747ef0059084a39baa5220e87ac9843027f062e568630ee2fae2b396821cd1
https://conda.anaconda.org/conda-forge/linux-64/r-glue-1.8.0-r43h2b5f3a1_0.conda#386032769e36683b23c360815e2c29048ea71d5a074b3d5f46f8bc6806492073
https://conda.anaconda.org/conda-forge/linux-64/r-jsonlite-2.0.0-r43h2b5f3a1_0.conda#d6a729f06714e859be5486200c961230c91330fd71e869e525e291da6bdacb5c
https://conda.anaconda.org/conda-forge/linux-64/r-lhs-1.2.0-r43h0d4f4ea_0.conda#33bd091c286a1becdc74e3d3ad835d9f4e03cbe7ff9fef22d377f04dff1c0cec
https://conda.anaconda.org/conda-forge/linux-64/r-magrittr-2.0.3-r43hb1dbf0f_3.conda#7812c24da1b48c408bcfac9c7b0ea76fec952e8948b4fc28c4579822e8712b60
https://conda.anaconda.org/conda-forge/linux-64/r-mlr3misc-0.18.0-r43h54b55ab_0.conda#d000eb17cee56489f033438b73fac89a2a085beda14fd9cde0f5cf0d6c572b55
https://conda.anaconda.org/conda-forge/linux-64/r-processx-3.8.6-r43h2b5f3a1_0.conda#20a44d786af02a6131e0c854b4b643fb9a22f5040277709be41ac5542d8ee7af
https://conda.anaconda.org/conda-forge/linux-64/r-ps-1.9.1-r43h2b5f3a1_0.conda#8c5704e907d45becfc39b1b2db30d405f337a43bb5de835e2945bbfb968fc3a2
https://conda.anaconda.org/conda-forge/linux-64/r-rcpp-1.1.0-r43h93ab643_0.conda#a67dcf539995644d61cf8309e37ea5e6266757ca2fac2f823056eac19abb1b2c
https://conda.anaconda.org/conda-forge/linux-64/r-rlang-1.1.6-r43h93ab643_0.conda#abffd4a1a86b16a3ef3fa56f9eb8a94502f353092e91332fe533a7e14eafbc19
https://conda.anaconda.org/conda-forge/linux-64/r-spacefillr-0.4.0-r43h3697838_2.conda#0c0f07d8c58b5482371358be565c8f6d7c6ffebc2a73872121e7d745c094a2e9
https://conda.anaconda.org/conda-forge/linux-64/r-testthat-3.2.3-r43h3697838_1.conda#5c9741c509b7ab941e02e54db25dcb3ddec310d515ced1ee789959e8a02f6f24
https://conda.anaconda.org/conda-forge/linux-64/r-tibble-3.3.0-r43h2b5f3a1_0.conda#fff2641f31b314a5d1c5f71e2ec36eb2b8e808e0376d5fc3c4db836230ef717e
https://conda.anaconda.org/conda-forge/linux-64/r-utf8-1.2.6-r43h2b5f3a1_0.conda#fd2677c1425d34fdc02b0b8a1a1559749018ec56a73d7656ad519771367cf8f0
https://conda.anaconda.org/conda-forge/linux-64/r-vctrs-0.6.5-r43h0d4f4ea_1.conda#f0d086f275bbd590678e3bc43b7a8ac7e4402a15727efdff0308b16efcbeac03
https://conda.anaconda.org/conda-forge/linux-64/r-xfun-0.53-r43h3697838_0.conda#c6a3f33b3ad2d10b6f7bd355910986e9218cf02b16ef34f48c4aed68b316190d
https://conda.anaconda.org/conda-forge/linux-64/r-yaml-2.3.10-r43hdb488b9_0.conda#c11de3a477f233ee32467e2e084dc2194dccd597082bab1e6004d0d27bf7976d
https://conda.anaconda.org/conda-forge/linux-64/readline-8.3-h853b02a_0.conda#12ffde5a6f958e285aa22c191ca01bbd3d6e710aa852e00618fa6ddc59149002
https://conda.anaconda.org/conda-forge/linux-64/sed-4.10-h19d0853_0.conda#b013d2085ce4ac01daec7b30472e9f3b6c2d69eb3a3a85a6cee3e01a3cb4f61a
https://conda.anaconda.org/conda-forge/linux-64/tk-8.6.13-noxft_h366c992_103.conda#cafeec44494f842ffeca27e9c8b0c27ed714f93ac77ddadc6aaf726b5554ebac
https://conda.anaconda.org/conda-forge/linux-64/tktable-2.10-h5a7a40f_8.conda#3e20b2f2902a1f402ef2420ce2b9e8c91f9e02748d55530894ac1f640561fdd0
https://conda.anaconda.org/conda-forge/linux-64/xorg-libice-1.1.2-hb9d3cd8_0.conda#c12396aabb21244c212e488bbdc4abcdef0b7404b15761d9329f5a4a39113c4b
https://conda.anaconda.org/conda-forge/linux-64/xorg-libsm-1.2.6-he73a12e_0.conda#277841c43a39f738927145930ff963c5ce4c4dacf66637a3d95d802a64173250
https://conda.anaconda.org/conda-forge/linux-64/xorg-libx11-1.8.13-he1eb515_0.conda#516d4060139dbb4de49a4dcdc6317a9353fb39ebd47789c14e6fe52de0deee42
https://conda.anaconda.org/conda-forge/linux-64/xorg-libxau-1.0.12-hb03c661_1.conda#6bc6ab7a90a5d8ac94c7e300cc10beb0500eeba4b99822768ca2f2ef356f731b
https://conda.anaconda.org/conda-forge/linux-64/xorg-libxdmcp-1.1.5-hb03c661_1.conda#25d255fb2eef929d21ff660a0c687d38a6d2ccfbcbf0cc6aa738b12af6e9d142
https://conda.anaconda.org/conda-forge/linux-64/xorg-libxext-1.3.7-hb03c661_0.conda#79c60fc6acfd3d713d6340d3b4e296836a0f8c51602327b32794625826bd052f
https://conda.anaconda.org/conda-forge/linux-64/xorg-libxrender-0.9.12-hb9d3cd8_0.conda#044c7b3153c224c6cedd4484dd91b389d2d7fd9c776ad0f4a34f099b3389f4a1
https://conda.anaconda.org/conda-forge/linux-64/xorg-libxt-1.3.1-hb9d3cd8_0.conda#a8afba4a55b7b530eb5c8ad89737d60d60bc151a03fbef7a2182461256953f0e
https://conda.anaconda.org/conda-forge/linux-64/zstd-1.5.7-hb78ec9c_6.conda#68f0206ca6e98fea941e5717cec780ed2873ffabc0e1ed34428c061e2c6268c7
https://conda.anaconda.org/conda-forge/noarch/_r-mutex-1.0.1-anacondar_1.tar.bz2#e58f9eeb416b92b550e824bcb1b9fb1958dee69abfe3089dfd1a9173e3a0528a
https://conda.anaconda.org/conda-forge/noarch/ca-certificates-2026.6.17-hbd8a1cb_0.conda#f8e3c730fa14ee3f170493779f06522c4acf89169f43db4f039727709b6419cf
https://conda.anaconda.org/conda-forge/noarch/font-ttf-dejavu-sans-mono-2.37-hab24e00_0.tar.bz2#58d7f40d2940dd0a8aa28651239adbf5613254df0f75789919c4e6762054403b
https://conda.anaconda.org/conda-forge/noarch/font-ttf-inconsolata-3.000-h77eed37_0.tar.bz2#c52a29fdac682c20d252facc50f01e7c2e7ceac52aa9817aaf0bb83f7559ec5c
https://conda.anaconda.org/conda-forge/noarch/font-ttf-source-code-pro-2.038-h77eed37_0.tar.bz2#00925c8c055a2275614b4d983e1df637245e19058d79fc7dd1a93b8d9fb4b139
https://conda.anaconda.org/conda-forge/noarch/font-ttf-ubuntu-0.83-h77eed37_3.conda#2821ec1dc454bd8b9a31d0ed22a7ce22422c0aef163c59f49dfdf915d0f0ca14
https://conda.anaconda.org/conda-forge/noarch/fonts-conda-ecosystem-1-0.tar.bz2#a997f2f1921bb9c9d76e6fa2f6b408b7fa549edd349a77639c9fe7a23ea93e61
https://conda.anaconda.org/conda-forge/noarch/fonts-conda-forge-1-hc364b38_1.conda#54eea8469786bc2291cc40bca5f46438d3e062a399e8f53f013b6a9f50e98333
https://conda.anaconda.org/conda-forge/noarch/kernel-headers_linux-64-4.18.0-he073ed8_9.conda#41557eeadf641de6aeae49486cef30d02a6912d8da98585d687894afd65b356a
https://conda.anaconda.org/conda-forge/noarch/libgcc-devel_linux-64-14.3.0-hf649bbc_119.conda#e1815bb11d5abe886979e95889d84310d83d078d36a3567ca67cbf57a3876d88
https://conda.anaconda.org/conda-forge/noarch/libstdcxx-devel_linux-64-14.3.0-h9f08a49_119.conda#1b4263aa5d8c8c659e8e38b66868f42867347e0c8941513ee77269afc00a5186
https://conda.anaconda.org/conda-forge/noarch/r-assertthat-0.2.1-r43hc72bb7e_5.conda#3d223a5f549174bce4085faa75d68550e6cadef8d34691340b7fe59a76a7d1ac
https://conda.anaconda.org/conda-forge/noarch/r-callr-3.7.6-r43hc72bb7e_1.conda#2e10922976e336c683cc726eef3566785932d4495f050fa9cccd62f7125daef6
https://conda.anaconda.org/conda-forge/noarch/r-crayon-1.5.3-r43hc72bb7e_1.conda#77764ea98025668e324e334e1095fa7454f6157c0fbb80987749110931f88ad3
https://conda.anaconda.org/conda-forge/noarch/r-desc-1.4.3-r43hc72bb7e_1.conda#25bb80cf593e05e1047d30afeccac8e31eeef925aaad3a2a5f1d5e0408477350
https://conda.anaconda.org/conda-forge/noarch/r-evaluate-1.0.5-r43hc72bb7e_0.conda#9c5529b99b49343febf00a51c02b38bb18e64d5049f9b59aa6e94e85588cef58
https://conda.anaconda.org/conda-forge/noarch/r-highr-0.11-r43hc72bb7e_1.conda#e1b645bb39892c2a77196ec6faf03579a9ab566009b313b0982855538680a7d2
https://conda.anaconda.org/conda-forge/noarch/r-knitr-1.50-r43hc72bb7e_0.conda#5f0dfc59b9a1af78f0b4b5095e0bab94d6201ff2600151cb5ff5a85868ec9e64
https://conda.anaconda.org/conda-forge/noarch/r-lifecycle-1.0.4-r43hc72bb7e_1.conda#3fa1744d7bbce2f10dfb956f51bf92b11cde4d27b6f94b52d1e77e5e75a1f937
https://conda.anaconda.org/conda-forge/noarch/r-pillar-1.11.0-r43hc72bb7e_0.conda#612d2104e30e466439993ee3bf4a3068f5ca81cb3fefa209cd8842ae7820a8ef
https://conda.anaconda.org/conda-forge/noarch/r-pkgbuild-1.4.8-r43hc72bb7e_0.conda#09db6c9cef508bcc433bdc133312e2943d47d9039b2b07b256af5cda36220f69
https://conda.anaconda.org/conda-forge/noarch/r-pkgconfig-2.0.3-r43hc72bb7e_4.conda#165008a79554f27704737d56b89b3c7298adaf56d5c70d4004dd95ae99c64b20
https://conda.anaconda.org/conda-forge/noarch/r-pkgload-1.4.0-r43hc72bb7e_0.conda#d468729a1aef3ab4b1d00bb52a2b4525c657eb83c50b17e3a4f44b3c8811e0d6
https://conda.anaconda.org/conda-forge/noarch/r-praise-1.0.0-r43hc72bb7e_1008.conda#87c3a81a7359a09e199fafd7bbe3c6eb395078f844f6a1dbaed7b09ca76f6d72
https://conda.anaconda.org/conda-forge/noarch/r-prettyunits-1.2.0-r43hc72bb7e_1.conda#24ba3435344c08325190abe3e515364639634639f6772e9aa3c82adba0768bdc
https://conda.anaconda.org/conda-forge/noarch/r-r6-2.6.1-r43hc72bb7e_0.conda#7da19f2c4302ab73d947604c90c6578d97bb8da769b28d2a493a3900c8cadd9c
https://conda.anaconda.org/conda-forge/noarch/r-rematch2-2.1.2-r43hc72bb7e_4.conda#4b24bef521586c98dee5058735d8ba7ce3772efc4713f12f1fa99aea7cc4eb87
https://conda.anaconda.org/conda-forge/noarch/r-rprojroot-2.1.1-r43hc72bb7e_0.conda#8d71df3bd3f7d5341296f7a505c57954db0ebc9b37b8a7067b9e86a8161f8f9d
https://conda.anaconda.org/conda-forge/noarch/r-waldo-0.6.2-r43hc72bb7e_0.conda#947077dffba504a6e05a18342a030791bcf2beb9d0d7bcacddaa29425371941e
https://conda.anaconda.org/conda-forge/noarch/r-withr-3.0.2-r43hc72bb7e_0.conda#a23c7736286776328ba71f2922c533c59e09b8f11516aed13d1b6b282f14f57a
https://conda.anaconda.org/conda-forge/noarch/sysroot_linux-64-2.28-h4ee821c_9.conda#c47299fe37aebb0fcf674b3be588e67e4afb86225be4b0d452c7eb75c086b851
https://conda.anaconda.org/conda-forge/noarch/tzdata-2025c-hc9c84f9_1.conda#1d30098909076af33a35017eed6f2953af1c769e273a0626a04722ac4acaba3c
