# platform: linux-64
# runtime: R 3.6.3
@EXPLICIT
https://conda.anaconda.org/conda-forge/linux-64/_openmp_mutex-4.5-20_gnu.conda#1dd3fffd892081df9726d7eb7e0dea6198962ba775bd88842135a4ddb4deb3c9
https://conda.anaconda.org/conda-forge/linux-64/binutils_impl_linux-64-2.39-he00db2b_1.conda#69a7c32141475dab43de2f19b7a67c14596cbb357cdb5891ff866918f8f65a2e
https://conda.anaconda.org/conda-forge/linux-64/binutils_linux-64-2.39-h5fc0e48_13.conda#9ccdc61d461dc174f6d5af33064bf58ebcbccb7cf3d62eee0e584c7e4764e828
https://conda.anaconda.org/conda-forge/linux-64/bwidget-1.10.1-ha770c72_1.conda#c88dd33c89b33409ebcd558d78fdc66a63c18f8b06e04d170668ffb6c8ecfabd
https://conda.anaconda.org/conda-forge/linux-64/bzip2-1.0.8-hda65f42_9.conda#0b75d45f0bba3e95dc693336fa51f40ea28c980131fec438afb7ce6118ed05f6
https://conda.anaconda.org/conda-forge/linux-64/c-ares-1.34.8-hb03c661_0.conda#dee93a82d045f9aa8277829aa465224afa3c7a6ac18388de66099b2be7f705e7
https://conda.anaconda.org/conda-forge/linux-64/cairo-1.16.0-h6cf1ce9_1008.tar.bz2#f740f111868c26a5ba316955bf6dfab9dc338b2141b1b40095e0986399d2e31f
https://conda.anaconda.org/conda-forge/linux-64/curl-7.86.0-h2283fc2_1.tar.bz2#9c7de3c405c8195a02dd829f4b9b1a8a14b5bca4670b8e6a05554df63d0b92af
https://conda.anaconda.org/conda-forge/linux-64/expat-2.8.1-hecca717_1.conda#bc1e8177a4ebbbfcda98b6f4a1575f3337e69f0d2f1025a84570533ca27b89eb
https://conda.anaconda.org/conda-forge/linux-64/fontconfig-2.14.2-h14ed4e7_0.conda#155d534c9037347ea7439a2c6da7c24ffec8e5dd278889b4c57274a1d91e0a83
https://conda.anaconda.org/conda-forge/linux-64/freetype-2.12.1-h267a509_2.conda#b2e3c449ec9d907dd4656cb0dc93e140f447175b125a3824b31368b06c666bb6
https://conda.anaconda.org/conda-forge/linux-64/fribidi-1.0.16-hb03c661_0.conda#858283ff33d4c033f4971bf440cebff217d5552a5222ba994c49be990dacd40d
https://conda.anaconda.org/conda-forge/linux-64/gcc_impl_linux-64-9.5.0-h99780fb_19.tar.bz2#2d4caeb0a0515edadc1f44fa8dc4018021057c341f7d6205b30cebff749130e2
https://conda.anaconda.org/conda-forge/linux-64/gcc_linux-64-9.5.0-h4258300_13.conda#eb1710d1a7fed81e09687443eeaf1f66f67c75a7d84275e49aebe865d26df336
https://conda.anaconda.org/conda-forge/linux-64/gfortran_impl_linux-64-9.5.0-hf1096a2_19.tar.bz2#c7754aff9d698a69de581429abf515c63dfc436f52f5085eff78f2ce9c9782f5
https://conda.anaconda.org/conda-forge/linux-64/gfortran_linux-64-9.5.0-hdb51d14_13.conda#3b7435c46f230992ddd9a8ea4a7f061364e742defa82be7d66620ba94f32140a
https://conda.anaconda.org/conda-forge/linux-64/graphite2-1.3.15-hecca717_0.conda#885fa7d1d7e2ad9ed0a700ee0d81ceb49de278253082d517959b22d6336eecce
https://conda.anaconda.org/conda-forge/linux-64/gsl-2.6-he838d99_2.tar.bz2#7c0b3547dba6d27ffd765a290b0fdce4f5cb40907bd5b7e0b7140876764fa013
https://conda.anaconda.org/conda-forge/linux-64/gxx_impl_linux-64-9.5.0-h99780fb_19.tar.bz2#862c2b2bd41eeadf0816fc132bcaf59227812f83238471021e4ccbb020585261
https://conda.anaconda.org/conda-forge/linux-64/gxx_linux-64-9.5.0-h43f449f_13.conda#fd66c89912a8039ef2d8fb7c550f4ed2db86209b77558c73b0dd6715e835584c
https://conda.anaconda.org/conda-forge/linux-64/harfbuzz-3.1.1-h83ec7ef_0.tar.bz2#7accc5921761c1e71f1fc8c4eedca4309545655e572f57e9f1e5ab001cabf1f5
https://conda.anaconda.org/conda-forge/linux-64/icu-68.2-h9c3ff4c_0.tar.bz2#8b39b408cc8b1450454ac8bb7bf7b56ca8b787fbfc26c767a21d5df57dffeab7
https://conda.anaconda.org/conda-forge/linux-64/jpeg-9e-h0b41bf4_3.conda#8f73194d09c9ea4a7e2b3562766b8d72125cc147b62c7cf83393e3a3bbfd581b
https://conda.anaconda.org/conda-forge/linux-64/keyutils-1.6.3-hb9d3cd8_0.conda#0960d06048a7185d3542d850986d807c6e37ca2e644342dd0c72feefcf26c2a4
https://conda.anaconda.org/conda-forge/linux-64/krb5-1.19.3-h08a2579_0.tar.bz2#9faad78e078a3e671f3572a01163acc1b2a47539559c746ea3ffd17c754ea578
https://conda.anaconda.org/conda-forge/linux-64/ld_impl_linux-64-2.39-hcc3a1bd_1.conda#3e7f203e33ea497b6e468279cc5fdef7d556473c25e7466b35fd672940392469
https://conda.anaconda.org/conda-forge/linux-64/lerc-4.2.0-hdb68285_0.conda#bf9fdebf55d8bc99d83531cdffda00703f4dc5f93a1a956768c147362c72feda
https://conda.anaconda.org/conda-forge/linux-64/libblas-3.11.0-8_h4a7cf45_openblas.conda#b2da6bfd72a1c9cb143ccf64bf5b28790cb4eb58bd1cb978f6537b2322f7d48b
https://conda.anaconda.org/conda-forge/linux-64/libcblas-3.11.0-8_h0358290_openblas.conda#1a2bc77bb26520255904a3d9b1f40e6bf0bf9d8d3405c7709dd162282820915a
https://conda.anaconda.org/conda-forge/linux-64/libcurl-7.86.0-h2283fc2_1.tar.bz2#485249c8cf7c2bd67d8308f7d1fccbe64e54334ad6cc73168d665eed824ca3bc
https://conda.anaconda.org/conda-forge/linux-64/libdeflate-1.25-h17f619e_0.conda#aa8e8c4be9a2e81610ddf574e05b64ee131fab5e0e3693210c9d6d2fba32c680
https://conda.anaconda.org/conda-forge/linux-64/libedit-3.1.20250104-pl5321h7949ede_0.conda#d789471216e7aba3c184cd054ed61ce3f6dac6f87a50ec69291b9297f8c18724
https://conda.anaconda.org/conda-forge/linux-64/libev-4.33-hd590300_2.conda#1cd6048169fa0395af74ed5d8f1716e22c19a81a8a36f934c110ca3ad4dd27b4
https://conda.anaconda.org/conda-forge/linux-64/libexpat-2.8.1-hecca717_1.conda#16feffd9ddbbe5b718515d38ee376c685ba95491cd901244e24671d20b952a77
https://conda.anaconda.org/conda-forge/linux-64/libffi-3.7.0-h3435931_0.conda#ac38603008bf1e99b8ed379b1a656a67a70e2841f2b6a069c630cdf6316012d2
https://conda.anaconda.org/conda-forge/linux-64/libgcc-15.2.0-he0feb66_20.conda#e3b7bb287d1685b15781a6d9e3408d6ddaff23f5a1d0d6c0140619dd3950fe72
https://conda.anaconda.org/conda-forge/linux-64/libgcc-devel_linux-64-9.5.0-h0a57e50_19.tar.bz2#7466ea3e709d14a104fab9c50559fe547368f5a91883e32e76ecadcf8973fa9d
https://conda.anaconda.org/conda-forge/linux-64/libgcc-ng-15.2.0-h69a702a_20.conda#e01a2a027fceea1011d2e74307845fb0c4bd6d195ff27fbf5baeafa55531d128
https://conda.anaconda.org/conda-forge/linux-64/libgfortran-15.2.0-h69a702a_20.conda#76d81032e264b74f519cc26962d5eb39547e0785fc9d2957bbc12e7a91214412
https://conda.anaconda.org/conda-forge/linux-64/libgfortran-ng-15.2.0-h69a702a_20.conda#db6940942c9496c4326369f861257a586f21d79397f8ab062cef080f42c1a324
https://conda.anaconda.org/conda-forge/linux-64/libgfortran5-15.2.0-h68bc16d_20.conda#95122f42566dc9a62b9615d2372b3f3c75fa7bd8bb1eda53aa7532ce60d545eb
https://conda.anaconda.org/conda-forge/linux-64/libglib-2.80.2-hf974151_0.conda#93e03b6cf4765bc06d64fa3dac65f22c53ae4a30247bb0e2dea0bd9c47a3fb26
https://conda.anaconda.org/conda-forge/linux-64/libgomp-15.2.0-he0feb66_20.conda#30b8ff1bf43871a17c9de99e56171ef54cfbe690ffa86681628db5a00af97cf7
https://conda.anaconda.org/conda-forge/linux-64/libiconv-1.18-h3b78370_2.conda#c467851a7312765447155e071752d7bf9bf44d610a5687e32706f480aad2833f
https://conda.anaconda.org/conda-forge/linux-64/liblapack-3.11.0-8_h47877c9_openblas.conda#168e327d737059553e15cc6ec36d76b9bbb3931c2a7721555fd68b4c9348b247
https://conda.anaconda.org/conda-forge/linux-64/liblzma-5.8.3-hb03c661_0.conda#ec30e52a3c1bf7d0425380a189d209a52baa03f22fb66dd3eb587acaa765bd6d
https://conda.anaconda.org/conda-forge/linux-64/liblzma-devel-5.8.3-hb03c661_0.conda#7858f6a173206bc8a5bdc8e75690483bb66c0dcc3809ac1cb43c561a4723623a
https://conda.anaconda.org/conda-forge/linux-64/libnghttp2-1.58.0-h47da74e_1.conda#1910c5306c6aa5bcbd623c3c930c440e9c77a5a019008e1487810e3c1d3716cb
https://conda.anaconda.org/conda-forge/linux-64/libopenblas-0.3.33-pthreads_h94d23a6_0.conda#3d9aa85648e5e18a6d66db98b8c4317cc426721ad7a220aa86330d1ccedc8903
https://conda.anaconda.org/conda-forge/linux-64/libpng-1.6.43-h2797004_0.conda#502f6ff148ac2777cc55ae4ade01a8fc3543b4ffab25c4e0eaa15f94e90dd997
https://conda.anaconda.org/conda-forge/linux-64/libsanitizer-9.5.0-h2f262e1_19.tar.bz2#fa184f936c0bbada2f62921ffccefb41e34339df510fe4ddf655d311859cb2f9
https://conda.anaconda.org/conda-forge/linux-64/libssh2-1.11.0-h0841786_0.conda#50e47fd9c4f7bf841a11647ae7486f65220cfc988ec422a4475fe8d5a823824d
https://conda.anaconda.org/conda-forge/linux-64/libstdcxx-15.2.0-h934c35e_20.conda#b5eadda8fb0df262f0d424c4a0c8c1c8d65d904ce622f07936c793ea1b8a39d9
https://conda.anaconda.org/conda-forge/linux-64/libstdcxx-devel_linux-64-9.5.0-h0a57e50_19.tar.bz2#a2a46472d0b6329fe96dd9ed9b150852384ab227ca44f5297b1882c8f9b78333
https://conda.anaconda.org/conda-forge/linux-64/libstdcxx-ng-15.2.0-hdf11a46_20.conda#0b79903234f68410c11c33cb9829f7b3cb01a9ff2f42bf083dd2c51e886e6077
https://conda.anaconda.org/conda-forge/linux-64/libtiff-4.4.0-h82bc61c_5.conda#f81d38e7458c6ba2fcf93bef4ed2c12c2977e89ca9a7f936ce53a3338a88352f
https://conda.anaconda.org/conda-forge/linux-64/libuuid-2.42.2-h5347b49_0.conda#9b1bdce27a7e31f7d241aeecff67a1f3101d52a2b1e33ccc2cdf2613072bf81f
https://conda.anaconda.org/conda-forge/linux-64/libwebp-base-1.6.0-hd42ef1d_0.conda#3aed21ab28eddffdaf7f804f49be7a7d701e8f0e46c856d801270b470820a37b
https://conda.anaconda.org/conda-forge/linux-64/libxcb-1.17.0-h8a09558_0.conda#666c0c431b23c6cec6e492840b176dde533d48b7e6fb8883f5071223433776aa
https://conda.anaconda.org/conda-forge/linux-64/libxml2-2.9.12-h72842e0_0.tar.bz2#f6a73e130baa4aac43b8dd7cda64c74ef603590930cee6be2d0efe6552822446
https://conda.anaconda.org/conda-forge/linux-64/libzlib-1.2.13-h4ab18f5_6.conda#8ced4afed6322172182af503f21725d072a589a6eb918f8a58135c1e00d35980
https://conda.anaconda.org/conda-forge/linux-64/make-4.4.1-hb9d3cd8_2.conda#d652c7bd4d3b6f82b0f6d063b0d8df6f54cc47531092d7ff008e780f3261bdda
https://conda.anaconda.org/conda-forge/linux-64/ncurses-6.6-hdb14827_0.conda#fc89f74bbe362fb29fa3c037697a89bec140b346a2469a90f7936d1d7ea4d8a3
https://conda.anaconda.org/conda-forge/linux-64/openssl-3.6.3-h35e630c_0.conda#d48f5c22b9897c01e4dff3680f1f57ceb02711ab9c62f74339b080419dfad34b
https://conda.anaconda.org/conda-forge/linux-64/pango-1.48.10-h54213e6_2.tar.bz2#f7570969dd2eadeedcedaf122d1ef62e1275582753972cafba3314e8a97af472
https://conda.anaconda.org/conda-forge/linux-64/pcre-8.45-h9c3ff4c_0.tar.bz2#8f35c244b1631a4f31fb1d66ab6e1d9bfac0ca9b679deced1112c7225b3ad138
https://conda.anaconda.org/conda-forge/linux-64/pcre2-10.43-hcad00b1_0.conda#766dd986a7ed6197676c14699000bba2625fd26c8a890fcb7a810e5cf56155bc
https://conda.anaconda.org/conda-forge/linux-64/pixman-0.46.4-h54a6638_2.conda#9e5b5be056820ade8b09ef73cf9f4bea037eb9887145d0297ac99e0add88878d
https://conda.anaconda.org/conda-forge/linux-64/pthread-stubs-0.4-hb9d3cd8_1002.conda#9c88f8c64590e9567c6c80823f0328e58d3b1efb0e1c539c0315ceca764e0973
https://conda.anaconda.org/conda-forge/linux-64/r-base-3.6.3-hbcea092_8.tar.bz2#dd2917bcc1b6d47eb44e6e747dbbbb7ec56dccf781989e4c222c02675967156b
https://conda.anaconda.org/conda-forge/linux-64/r-jsonlite-1.7.2-r36hcfec24a_0.tar.bz2#93eb731299d157ae46b989ae57a721a070bd9517e56ee1a89b7fd83b390ff3a7
https://conda.anaconda.org/conda-forge/linux-64/readline-8.3-h853b02a_0.conda#12ffde5a6f958e285aa22c191ca01bbd3d6e710aa852e00618fa6ddc59149002
https://conda.anaconda.org/conda-forge/linux-64/sed-4.10-h19d0853_0.conda#b013d2085ce4ac01daec7b30472e9f3b6c2d69eb3a3a85a6cee3e01a3cb4f61a
https://conda.anaconda.org/conda-forge/linux-64/tk-8.6.13-noxft_h4845f30_101.conda#e0569c9caa68bf476bead1bed3d79650bb080b532c64a4af7d8ca286c08dea4e
https://conda.anaconda.org/conda-forge/linux-64/tktable-2.10-h5a7a40f_8.conda#3e20b2f2902a1f402ef2420ce2b9e8c91f9e02748d55530894ac1f640561fdd0
https://conda.anaconda.org/conda-forge/linux-64/xorg-libice-1.1.2-hb9d3cd8_0.conda#c12396aabb21244c212e488bbdc4abcdef0b7404b15761d9329f5a4a39113c4b
https://conda.anaconda.org/conda-forge/linux-64/xorg-libsm-1.2.6-he73a12e_0.conda#277841c43a39f738927145930ff963c5ce4c4dacf66637a3d95d802a64173250
https://conda.anaconda.org/conda-forge/linux-64/xorg-libx11-1.8.13-he1eb515_0.conda#516d4060139dbb4de49a4dcdc6317a9353fb39ebd47789c14e6fe52de0deee42
https://conda.anaconda.org/conda-forge/linux-64/xorg-libxau-1.0.12-hb03c661_1.conda#6bc6ab7a90a5d8ac94c7e300cc10beb0500eeba4b99822768ca2f2ef356f731b
https://conda.anaconda.org/conda-forge/linux-64/xorg-libxdmcp-1.1.5-hb03c661_1.conda#25d255fb2eef929d21ff660a0c687d38a6d2ccfbcbf0cc6aa738b12af6e9d142
https://conda.anaconda.org/conda-forge/linux-64/xorg-libxext-1.3.7-hb03c661_0.conda#79c60fc6acfd3d713d6340d3b4e296836a0f8c51602327b32794625826bd052f
https://conda.anaconda.org/conda-forge/linux-64/xorg-libxrender-0.9.12-hb9d3cd8_0.conda#044c7b3153c224c6cedd4484dd91b389d2d7fd9c776ad0f4a34f099b3389f4a1
https://conda.anaconda.org/conda-forge/linux-64/xz-5.8.3-ha02ee65_0.conda#2553fd3ec0a1020b2ca05ca10b0036a596cb0d4bf3645922fcf69dacce0e6679
https://conda.anaconda.org/conda-forge/linux-64/xz-gpl-tools-5.8.3-ha02ee65_0.conda#8f139666ea18dc8340a44a54056627dd4e89e242e8cd136ab2467d6dc2c192ba
https://conda.anaconda.org/conda-forge/linux-64/xz-tools-5.8.3-hb03c661_0.conda#162ebd76803464b8c8ebc7d45df32edf0ec717b3bf369a437ae3b0254f22dc2e
https://conda.anaconda.org/conda-forge/linux-64/zlib-1.2.13-h4ab18f5_6.conda#534824ea44939f3e59ca8ebb95e3ece6f50f9d2a0e69999fbc692311252ed6ac
https://conda.anaconda.org/conda-forge/linux-64/zstd-1.5.6-ha6fb4c9_0.conda#c558b9cc01d9c1444031bd1ce4b9cff86f9085765f17627a6cd85fc623c8a02b
https://conda.anaconda.org/conda-forge/noarch/_r-mutex-1.0.1-anacondar_1.tar.bz2#e58f9eeb416b92b550e824bcb1b9fb1958dee69abfe3089dfd1a9173e3a0528a
https://conda.anaconda.org/conda-forge/noarch/ca-certificates-2026.7.22-hbd8a1cb_0.conda#0a0544cf95f64394fe4959286f5c71f5444ad58feb0602e53becb27448d24da6
https://conda.anaconda.org/conda-forge/noarch/font-ttf-dejavu-sans-mono-2.37-hab24e00_0.tar.bz2#58d7f40d2940dd0a8aa28651239adbf5613254df0f75789919c4e6762054403b
https://conda.anaconda.org/conda-forge/noarch/font-ttf-inconsolata-3.000-h77eed37_0.tar.bz2#c52a29fdac682c20d252facc50f01e7c2e7ceac52aa9817aaf0bb83f7559ec5c
https://conda.anaconda.org/conda-forge/noarch/font-ttf-source-code-pro-2.038-h77eed37_0.tar.bz2#00925c8c055a2275614b4d983e1df637245e19058d79fc7dd1a93b8d9fb4b139
https://conda.anaconda.org/conda-forge/noarch/font-ttf-ubuntu-0.83-h77eed37_3.conda#2821ec1dc454bd8b9a31d0ed22a7ce22422c0aef163c59f49dfdf915d0f0ca14
https://conda.anaconda.org/conda-forge/noarch/fonts-conda-ecosystem-1-0.tar.bz2#a997f2f1921bb9c9d76e6fa2f6b408b7fa549edd349a77639c9fe7a23ea93e61
https://conda.anaconda.org/conda-forge/noarch/fonts-conda-forge-1-hc364b38_1.conda#54eea8469786bc2291cc40bca5f46438d3e062a399e8f53f013b6a9f50e98333
https://conda.anaconda.org/conda-forge/noarch/kernel-headers_linux-64-4.18.0-he073ed8_9.conda#41557eeadf641de6aeae49486cef30d02a6912d8da98585d687894afd65b356a
https://conda.anaconda.org/conda-forge/noarch/sysroot_linux-64-2.28-h4ee821c_9.conda#c47299fe37aebb0fcf674b3be588e67e4afb86225be4b0d452c7eb75c086b851
https://conda.anaconda.org/conda-forge/noarch/tzdata-2026c-h151e31d_0.conda#b928c30ddcb0e3f544c6eade8352737e6e610e263276b90232db6a578ef899d8
