# platform: linux-64
@EXPLICIT
https://conda.anaconda.org/conda-forge/linux-64/_openmp_mutex-4.5-20_gnu.conda#1dd3fffd892081df9726d7eb7e0dea6198962ba775bd88842135a4ddb4deb3c9
https://conda.anaconda.org/conda-forge/noarch/_r-mutex-1.0.1-anacondar_1.tar.bz2#e58f9eeb416b92b550e824bcb1b9fb1958dee69abfe3089dfd1a9173e3a0528a
https://conda.anaconda.org/conda-forge/linux-64/binutils-2.45.1-default_h4852527_102.conda#3c7c5580c1720206f28b7fa3d60d17986b3f32465e63009c14c9ae1ea64f926c
https://conda.anaconda.org/conda-forge/linux-64/binutils_impl_linux-64-2.45.1-default_hfdba357_102.conda#0a7d405064f53b9d91d92515f1460f7906ee5e8523f3cd8973430e81219f4917
https://conda.anaconda.org/conda-forge/linux-64/binutils_linux-64-2.45.1-default_h4852527_102.conda#78a58d523d072b7f8e591b8f8572822e044b31764ed7e8d170392e7bc6d58339
https://conda.anaconda.org/conda-forge/linux-64/bwidget-1.10.1-ha770c72_1.conda#c88dd33c89b33409ebcd558d78fdc66a63c18f8b06e04d170668ffb6c8ecfabd
https://conda.anaconda.org/conda-forge/linux-64/bzip2-1.0.8-hda65f42_9.conda#0b75d45f0bba3e95dc693336fa51f40ea28c980131fec438afb7ce6118ed05f6
https://conda.anaconda.org/conda-forge/linux-64/c-ares-1.34.6-hb03c661_0.conda#cc9accf72fa028d31c2a038460787751127317dcfa991f8d1f1babf216bb454e
https://conda.anaconda.org/conda-forge/linux-64/c-compiler-1.11.0-h4d9bdce_0.conda#8e7a40f16400d7839c82581410aa05c1f8324a693c9d50079f8c50dc9fb241f0
https://conda.anaconda.org/conda-forge/noarch/ca-certificates-2026.6.17-hbd8a1cb_0.conda#f8e3c730fa14ee3f170493779f06522c4acf89169f43db4f039727709b6419cf
https://conda.anaconda.org/conda-forge/linux-64/cairo-1.18.4-he90730b_1.conda#06525fa0c4e4f56e771a3b986d0fdf0f0fc5a3270830ee47e127a5105bde1b9a
https://conda.anaconda.org/conda-forge/linux-64/ccache-4.13.6-hedf47ba_0.conda#552639ac2f3d28d93053fa91cd828186730d9ae0a4d7c1dcc40efe8d7cd026ce
https://conda.anaconda.org/conda-forge/linux-64/clang-22.1.8-default_cfg_h361ecea_3.conda#e7bb173247bf3c4a7cab03797607433ef2dfb47553b1471056b81491f7e8e50a
https://conda.anaconda.org/conda-forge/linux-64/clang-22-22.1.8-default_h9692865_3.conda#09c8ad191c20d536b992b8281a6f21a65dd0e3f25413950e69d1adc50940581c
https://conda.anaconda.org/conda-forge/linux-64/clang-format-22.1.8-default_he96069b_3.conda#1724b544e2601c604625585b2393407a7727bb5bd7bccf07bf3227c967e5737f
https://conda.anaconda.org/conda-forge/linux-64/clang-format-22-22.1.8-default_h713e2cb_3.conda#b5307d944220e1ac708db3976ea7d947ab6628fdc7da85278288b87305177292
https://conda.anaconda.org/conda-forge/linux-64/clang-scan-deps-22.1.8-default_h1381bd0_3.conda#a4743c330ca13164f5b4e20de337454f71b2e5a1c9ea45a355bf3c1606b16dff
https://conda.anaconda.org/conda-forge/linux-64/clang-tools-22.1.8-default_h1fde246_3.conda#1769797d516ddeb2742512e5ff7f33452975043a79f4a06ca76abfea96606e91
https://conda.anaconda.org/conda-forge/linux-64/clang_impl_linux-64-22.1.8-default_h6d37801_3.conda#eb1c68356c7366343fed23d897e54678da7d3b25836de8f280ae1cd0aa5aa8b5
https://conda.anaconda.org/conda-forge/linux-64/clangxx-22.1.8-default_cfg_hff68419_3.conda#0f1baad2351b23531659b49a6e6badc70fedd1608fee1c9a473c2e2145d9342a
https://conda.anaconda.org/conda-forge/linux-64/clangxx_impl_linux-64-22.1.8-default_h393b0be_3.conda#c6f36dd3f8dc31a2a741a7b439694e266048dd0a9ec4f15de55a481d465467de
https://conda.anaconda.org/conda-forge/linux-64/cmake-4.4.0-hc85cc9f_0.conda#673384f97c558a083e0944bf4d14627bd7ce29c09efd33965e4ab7b609d04402
https://conda.anaconda.org/conda-forge/linux-64/compiler-rt-22.1.8-ha770c72_1.conda#7ea97a24a9847f7ec91b959c405a9bc5b9c28d4078175dce2d2f8a2014f74969
https://conda.anaconda.org/conda-forge/linux-64/compiler-rt22-22.1.8-hb700be7_1.conda#34c62d3aa085945afa94930621793bccc18c47ce9657a5ef9423f76cf8e9373e
https://conda.anaconda.org/conda-forge/noarch/compiler-rt22_linux-64-22.1.8-hffcefe0_1.conda#c6cd0a10b9b161b0b075a8a78083b23a49d87f0e383d2c199ce11a586fc7d779
https://conda.anaconda.org/conda-forge/noarch/compiler-rt_linux-64-22.1.8-ha770c72_1.conda#81bb0835e05ef4c60022aa594e16a870bbf39ed4d4180ef87191f56b795cd86c
https://conda.anaconda.org/conda-forge/linux-64/cppcheck-2.21.0-py314hceea1aa_0.conda#0f163304ab7078beaffeebd35a977dea80d6e66bd3ff666dc57b0c2e26668da7
https://conda.anaconda.org/conda-forge/linux-64/curl-8.21.0-hae6b9f4_2.conda#ae0b83efb7545ea40845253b76bbfeb12349bd32001728b8f58d726cd532d467
https://conda.anaconda.org/conda-forge/linux-64/cxx-compiler-1.11.0-hfcd1e18_0.conda#3fcc97ae3e89c150401a50a4de58794ffc67b1ed0e1851468fcc376980201e25
https://conda.anaconda.org/conda-forge/noarch/font-ttf-dejavu-sans-mono-2.37-hab24e00_0.tar.bz2#58d7f40d2940dd0a8aa28651239adbf5613254df0f75789919c4e6762054403b
https://conda.anaconda.org/conda-forge/noarch/font-ttf-inconsolata-3.000-h77eed37_0.tar.bz2#c52a29fdac682c20d252facc50f01e7c2e7ceac52aa9817aaf0bb83f7559ec5c
https://conda.anaconda.org/conda-forge/noarch/font-ttf-source-code-pro-2.038-h77eed37_0.tar.bz2#00925c8c055a2275614b4d983e1df637245e19058d79fc7dd1a93b8d9fb4b139
https://conda.anaconda.org/conda-forge/noarch/font-ttf-ubuntu-0.83-h77eed37_3.conda#2821ec1dc454bd8b9a31d0ed22a7ce22422c0aef163c59f49dfdf915d0f0ca14
https://conda.anaconda.org/conda-forge/linux-64/fontconfig-2.18.1-h27c8c51_0.conda#2e50bdcebdf70a865b81f2456bbc586386451ec601c60f2b6cd22b8c40a2d384
https://conda.anaconda.org/conda-forge/noarch/fonts-conda-ecosystem-1-0.tar.bz2#a997f2f1921bb9c9d76e6fa2f6b408b7fa549edd349a77639c9fe7a23ea93e61
https://conda.anaconda.org/conda-forge/noarch/fonts-conda-forge-1-hc364b38_1.conda#54eea8469786bc2291cc40bca5f46438d3e062a399e8f53f013b6a9f50e98333
https://conda.anaconda.org/conda-forge/linux-64/fortran-compiler-1.11.0-h9bea470_0.conda#53e5562ede83b478ebe9f4fc3d3b4eff5b627883f48aa0bf412e8fd90b5d6113
https://conda.anaconda.org/conda-forge/linux-64/freetype-2.14.3-ha770c72_0.conda#c934c385889c7836f034039b43b05ccfa98f53c900db03d8411189892ced090b
https://conda.anaconda.org/conda-forge/linux-64/fribidi-1.0.16-hb03c661_0.conda#858283ff33d4c033f4971bf440cebff217d5552a5222ba994c49be990dacd40d
https://conda.anaconda.org/conda-forge/linux-64/gcc-14.3.0-h6f77f03_19.conda#5c86862941a44b2554e23e623ddb8f18c95474cacf536635e38ee431385b7d4a
https://conda.anaconda.org/conda-forge/linux-64/gcc_impl_linux-64-14.3.0-h235f0fe_19.conda#1e2500ca976d4831c953d1c6db7b238d2e6806910b930e3eb631b79ba5c3ba41
https://conda.anaconda.org/conda-forge/linux-64/gcc_linux-64-14.3.0-h50e9bb6_27.conda#d7f427d6db94a5eed2a43b186f8dc17cc1fbeb03517442390a36f1cde02548b0
https://conda.anaconda.org/conda-forge/linux-64/gdb-17.2-py314h7c795f0_0.conda#1cd59bee9d94c92283ce097b6240e98a732a5845cbdbaec496c8598f2f7b0fc5
https://conda.anaconda.org/conda-forge/linux-64/gfortran-14.3.0-h76987e4_19.conda#84b3b7863dbafb651a2ef989d50f5e3d985b8ebe78bb3df2f17c614f22cdc090
https://conda.anaconda.org/conda-forge/linux-64/gfortran_impl_linux-64-14.3.0-h1a219da_19.conda#aee591aab674d70829ecc1abaa7f2ad5fcccbfad7bafa5ebca1225c86c60f18f
https://conda.anaconda.org/conda-forge/linux-64/gfortran_linux-64-14.3.0-h5ce6d8a_27.conda#b8e6bd99f0b7a5e8757a1cf9bf64edc6217206d8872fb9af5d8204e5b581b3d1
https://conda.anaconda.org/conda-forge/linux-64/ghostscript-10.07.1-hecca717_0.conda#2686eae130a785566612d808c922372943efe0b21c04afcfa42edfd264ccc1e6
https://conda.anaconda.org/conda-forge/linux-64/git-2.55.0-pl5321hc575239_0.conda#0b6a49c481ea5556e2f260cc376ecb9a8e9e7bcf4a2cf370a571b5c61e9dd898
https://conda.anaconda.org/conda-forge/linux-64/glpk-5.0-h445213a_0.tar.bz2#0e19c61198ae9e188c43064414a40101f5df09970d4a2c483c0c46a6b1538966
https://conda.anaconda.org/conda-forge/linux-64/gmp-6.3.0-hac33072_2.conda#309cf4f04fec0c31b6771a5809a1909b4b3154a2208f52351e1ada006f4c750c
https://conda.anaconda.org/conda-forge/linux-64/graphite2-1.3.15-hecca717_0.conda#885fa7d1d7e2ad9ed0a700ee0d81ceb49de278253082d517959b22d6336eecce
https://conda.anaconda.org/conda-forge/linux-64/gsl-2.7-he838d99_0.tar.bz2#132a918b676dd1f533d7c6f95e567abf7081a6ea3251c3280de35ef600e0da87
https://conda.anaconda.org/conda-forge/linux-64/gxx-14.3.0-h76987e4_19.conda#32ff46517d91ee041287687d65140f7b0e8d08bb3fca141e5f97cc4a7ad7e255
https://conda.anaconda.org/conda-forge/linux-64/gxx_impl_linux-64-14.3.0-h2185e75_19.conda#a31694c26d6a525d44f81130ebf7b9abe18771b7eaecb2cf93630c0b8b8fb936
https://conda.anaconda.org/conda-forge/linux-64/gxx_linux-64-14.3.0-hd240bd5_27.conda#cf5a44d14732b79e3c2bc6ebe1dba4f6b9077939f3093c75e36ad340737b5c15
https://conda.anaconda.org/conda-forge/linux-64/harfbuzz-14.2.1-ha770c72_1.conda#853beec89ff91cbbf630f1d305b69153eb28a3cb78af95ddc1fb4d30e524c6f4
https://conda.anaconda.org/conda-forge/linux-64/hyperfine-1.20.0-hdab8a38_0.conda#4a6028de3fa945768314353060f16298fe662d10e61fb765bb78f36d09025949
https://conda.anaconda.org/conda-forge/linux-64/icu-78.3-h33c6efd_0.conda#fbf86c4a59c2ed05bbffb2ba25c7ed94f6185ec30ecb691615d42342baa1a16a
https://conda.anaconda.org/conda-forge/noarch/kernel-headers_linux-64-4.18.0-he073ed8_9.conda#41557eeadf641de6aeae49486cef30d02a6912d8da98585d687894afd65b356a
https://conda.anaconda.org/conda-forge/linux-64/keyutils-1.6.3-hb9d3cd8_0.conda#0960d06048a7185d3542d850986d807c6e37ca2e644342dd0c72feefcf26c2a4
https://conda.anaconda.org/conda-forge/linux-64/krb5-1.22.2-hbde042b_1.conda#9b07046870772f28740e3f6149f09ff222843733087a33c5540b169c6289652d
https://conda.anaconda.org/conda-forge/linux-64/lcms2-2.19.1-h0c24ade_1.conda#112b5b9462572d970f4abd2912f76a25ee7db158b1e7260163d91dd8a630db84
https://conda.anaconda.org/conda-forge/linux-64/ld_impl_linux-64-2.45.1-default_hbd61a6d_102.conda#3d584956604909ff5df353767f3a2a2f60e07d070b328d109f30ac40cd62df6c
https://conda.anaconda.org/conda-forge/linux-64/lerc-4.1.0-hdb68285_0.conda#f84cb54782f7e9cea95e810ea8fef186e0652d0fa73d3009914fa2c1262594e1
https://conda.anaconda.org/conda-forge/linux-64/libblas-3.11.0-8_h4a7cf45_openblas.conda#b2da6bfd72a1c9cb143ccf64bf5b28790cb4eb58bd1cb978f6537b2322f7d48b
https://conda.anaconda.org/conda-forge/linux-64/libcblas-3.11.0-8_h0358290_openblas.conda#1a2bc77bb26520255904a3d9b1f40e6bf0bf9d8d3405c7709dd162282820915a
https://conda.anaconda.org/conda-forge/linux-64/libclang-cpp22.1-22.1.8-default_h6c227bf_3.conda#ccb8bd0a8f2d57675b6a60dabb0cc8becb35c2748ac4ec920d7f7625b93c16d8
https://conda.anaconda.org/conda-forge/linux-64/libclang13-22.1.8-default_h9692865_3.conda#b90ed8467a692788477c06bc0359fac52ed5651d801ddef189ba4b7ecf3ce38c
https://conda.anaconda.org/conda-forge/linux-64/libcompiler-rt-22.1.8-hb700be7_1.conda#da7b61922007ff1cfe015ec5156084f2b12f68f554ea8d737689c1dc898f24c0
https://conda.anaconda.org/conda-forge/linux-64/libcurl-8.21.0-hae6b9f4_2.conda#ba8354084b34fce56d5697982fce4a384c148e972e15c0ab891187617fe7ec29
https://conda.anaconda.org/conda-forge/linux-64/libdeflate-1.25-h17f619e_0.conda#aa8e8c4be9a2e81610ddf574e05b64ee131fab5e0e3693210c9d6d2fba32c680
https://conda.anaconda.org/conda-forge/linux-64/libedit-3.1.20250104-pl5321h7949ede_0.conda#d789471216e7aba3c184cd054ed61ce3f6dac6f87a50ec69291b9297f8c18724
https://conda.anaconda.org/conda-forge/linux-64/libegl-1.7.0-ha4b6fd6_3.conda#9a25ea93e8272785405a21d30f84e620befb1d545f6dfaae18f06103b5df0443
https://conda.anaconda.org/conda-forge/linux-64/libev-4.33-hd590300_2.conda#1cd6048169fa0395af74ed5d8f1716e22c19a81a8a36f934c110ca3ad4dd27b4
https://conda.anaconda.org/conda-forge/linux-64/libexpat-2.8.1-hecca717_1.conda#16feffd9ddbbe5b718515d38ee376c685ba95491cd901244e24671d20b952a77
https://conda.anaconda.org/conda-forge/linux-64/libffi-3.5.2-h3435931_0.conda#31f19b6a88ce40ebc0d5a992c131f57d919f73c0b92cd1617a5bec83f6e961e6
https://conda.anaconda.org/conda-forge/linux-64/libfreetype-2.14.3-ha770c72_0.conda#38f014a7129e644636e46064ecd6b1945e729c2140e21d75bb476af39e692db2
https://conda.anaconda.org/conda-forge/linux-64/libfreetype6-2.14.3-h73754d4_0.conda#16f020f96da79db1863fcdd8f2b8f4f7d52f177dd4c58601e38e9182e91adf1d
https://conda.anaconda.org/conda-forge/linux-64/libgcc-15.2.0-he0feb66_19.conda#8e0a3b5e41272e5678499b5dfc4cddb673f9e935de01eb0767ce857001229f46
https://conda.anaconda.org/conda-forge/noarch/libgcc-devel_linux-64-14.3.0-hf649bbc_119.conda#e1815bb11d5abe886979e95889d84310d83d078d36a3567ca67cbf57a3876d88
https://conda.anaconda.org/conda-forge/linux-64/libgcc-ng-15.2.0-h69a702a_19.conda#9dcf54adfaa5e861123c2da4f2f0451a685464ea7e5a41ad91cf67b31d658d98
https://conda.anaconda.org/conda-forge/linux-64/libgfortran-15.2.0-h69a702a_19.conda#561a42758ef25b9ce308c4e2cf56daee4f06138385a17e29a492cd928e00be6f
https://conda.anaconda.org/conda-forge/linux-64/libgfortran5-15.2.0-h68bc16d_19.conda#057978bb69fea29ed715a9b98adf71015c31baecc4aeb2bfc20d4fd5d83579d4
https://conda.anaconda.org/conda-forge/linux-64/libgit2-1.9.4-hc20babb_0.conda#2fa319bd152dcd03d8ea21d289a34aaa14ce3781173964cc9e52bdecc43e311d
https://conda.anaconda.org/conda-forge/linux-64/libgl-1.7.0-ha4b6fd6_3.conda#ec353b3076ed8e357ed961d0e9ff6997491cade0e603de5bd18a2e301ac78ebd
https://conda.anaconda.org/conda-forge/linux-64/libglib-2.88.2-h0d30a3d_0.conda#4bee10e62796f01e4fa2b5849135b1cc061337fe9cf5eb9bd79e9664922ae0e4
https://conda.anaconda.org/conda-forge/linux-64/libglvnd-1.7.0-ha4b6fd6_3.conda#e019ebe4e3f5cdf23e2f5e58ddf7ade27988c53820115b17b98f218ebcc87748
https://conda.anaconda.org/conda-forge/linux-64/libglx-1.7.0-ha4b6fd6_3.conda#2f74713c9ca408ea84e88a30a9028153e7b553e8bb42e06139eac9a753c27da9
https://conda.anaconda.org/conda-forge/linux-64/libgomp-15.2.0-he0feb66_19.conda#5abe4ab9d93f6c9757d654f1969ae2267d4505315c1f2f8fe705fd60af084f1b
https://conda.anaconda.org/conda-forge/linux-64/libharfbuzz-14.2.1-h17a8019_1.conda#821c315f6b5171aa89e735be2ad84e74eb3f898fc7610ee36cfecd95dfa789e8
https://conda.anaconda.org/conda-forge/linux-64/libharfbuzz-devel-14.2.1-h17a8019_1.conda#6d8e793042affd18ca1784b7794fab14d16f54f984777ce6ab86bacaa465ab0d
https://conda.anaconda.org/conda-forge/linux-64/libhiredis-1.3.0-h5888daf_1.conda#5638e321719590b00826d218431d5028d1a22a76f281532ce621d9a40d5e0f42
https://conda.anaconda.org/conda-forge/linux-64/libiconv-1.18-h3b78370_2.conda#c467851a7312765447155e071752d7bf9bf44d610a5687e32706f480aad2833f
https://conda.anaconda.org/conda-forge/linux-64/libidn2-2.3.8-hfac485b_1.conda#cc38c900b9a20fe75e61cbb594e749c57a06d96510722f5ddfa309682062b065
https://conda.anaconda.org/conda-forge/linux-64/libjpeg-turbo-3.2.0-hb03c661_0.conda#716332fd31b3808da7a4235a05212a9e9da05e854864c3def2dea0b5d2bf7610
https://conda.anaconda.org/conda-forge/linux-64/liblapack-3.11.0-8_h47877c9_openblas.conda#168e327d737059553e15cc6ec36d76b9bbb3931c2a7721555fd68b4c9348b247
https://conda.anaconda.org/conda-forge/linux-64/libllvm22-22.1.8-hf7376ad_1.conda#e9b5f301d6b001a9b8ce782157f56b75c92c4fbc9eba95dc6345c1139251d13b
https://conda.anaconda.org/conda-forge/linux-64/liblzma-5.8.3-hb03c661_0.conda#ec30e52a3c1bf7d0425380a189d209a52baa03f22fb66dd3eb587acaa765bd6d
https://conda.anaconda.org/conda-forge/linux-64/liblzma-devel-5.8.3-hb03c661_0.conda#7858f6a173206bc8a5bdc8e75690483bb66c0dcc3809ac1cb43c561a4723623a
https://conda.anaconda.org/conda-forge/linux-64/libmpdec-4.0.0-hb03c661_1.conda#fe171ed5cf5959993d43ff72de7596e8ac2853e9021dec0344e583734f1e0843
https://conda.anaconda.org/conda-forge/linux-64/libnghttp2-1.68.1-h877daf1_0.conda#663444d77a42f2265f54fb8b48c5450bfff4388d9c0f8253dd7855f0d993153f
https://conda.anaconda.org/conda-forge/linux-64/libopenblas-0.3.33-pthreads_h94d23a6_0.conda#3d9aa85648e5e18a6d66db98b8c4317cc426721ad7a220aa86330d1ccedc8903
https://conda.anaconda.org/conda-forge/linux-64/libpng-1.6.58-h421ea60_0.conda#377cfe037f3eeb3b1bf3ad333f724a64d32f315ee1958581fc671891d63d3f89
https://conda.anaconda.org/conda-forge/linux-64/libpsl-0.22.0-h49b2146_1.conda#71118885feab91c61bea4e9532ec46e0653b24f02e563681f822915aee8435bb
https://conda.anaconda.org/conda-forge/linux-64/libsanitizer-14.3.0-h8f1669f_19.conda#8766de5423b0a510e2b1bdd1963d0554bdad2119f3e31d8fbd4189af434235ca
https://conda.anaconda.org/conda-forge/linux-64/libsqlite-3.53.3-h0c1763c_0.conda#365376f4815e5e80def2b3462a2419708b7c292da0da85278386c2618621fff4
https://conda.anaconda.org/conda-forge/linux-64/libssh2-1.11.1-hcf80075_0.conda#fa39bfd69228a13e553bd24601332b7cfeb30ca11a3ca50bb028108fe90a7661
https://conda.anaconda.org/conda-forge/linux-64/libstdcxx-15.2.0-h934c35e_19.conda#dff1058c76ec6b8759e41cefa2508162d00e4a5e6721aa68ec3fd10094e702dc
https://conda.anaconda.org/conda-forge/noarch/libstdcxx-devel_linux-64-14.3.0-h9f08a49_119.conda#1b4263aa5d8c8c659e8e38b66868f42867347e0c8941513ee77269afc00a5186
https://conda.anaconda.org/conda-forge/linux-64/libstdcxx-ng-15.2.0-hdf11a46_19.conda#0672b6b6e1791c92e8eccad58081a99d614fcf82bca5841f9dfa3c3e658f83b9
https://conda.anaconda.org/conda-forge/linux-64/libtiff-4.7.2-h9d88235_0.conda#b31346e1c01ab40a170e91147092ee8fd92b1dee3c66ee47ef025571c879b159
https://conda.anaconda.org/conda-forge/linux-64/libunistring-0.9.10-h7f98852_0.tar.bz2#e88c45505921db29c08df3439ddb7f771bbff35f95e7d3103bf365d5d6ce2a6d
https://conda.anaconda.org/conda-forge/linux-64/libuuid-2.42.2-h5347b49_0.conda#9b1bdce27a7e31f7d241aeecff67a1f3101d52a2b1e33ccc2cdf2613072bf81f
https://conda.anaconda.org/conda-forge/linux-64/libuv-1.52.1-h280c20c_0.conda#e28e4519223f78b3163599ca89c3f2d80bfb53e907e7fc74e806e60d1efa578b
https://conda.anaconda.org/conda-forge/linux-64/libwebp-base-1.6.0-hd42ef1d_0.conda#3aed21ab28eddffdaf7f804f49be7a7d701e8f0e46c856d801270b470820a37b
https://conda.anaconda.org/conda-forge/linux-64/libxcb-1.17.0-h8a09558_0.conda#666c0c431b23c6cec6e492840b176dde533d48b7e6fb8883f5071223433776aa
https://conda.anaconda.org/conda-forge/linux-64/libxcrypt-4.4.36-hd590300_1.conda#6ae68e0b86423ef188196fff6207ed0c8195dd84273cb5623b85aa08033a410c
https://conda.anaconda.org/conda-forge/linux-64/libxml2-2.15.3-h49c6c72_0.conda#3bc5551720c58591f6ea1146f7d1539c734ed1c40e7b9f5cb8cb7e900c509aba
https://conda.anaconda.org/conda-forge/linux-64/libxml2-16-2.15.3-hca6bf5a_0.conda#3d44f737c5ae52d5af32682cc1530df433f401f8e58a7533926536244127572a
https://conda.anaconda.org/conda-forge/linux-64/libxml2-devel-2.15.3-h49c6c72_0.conda#adada9c781ea51faea3e3adcd6883dc294ff2fa044c7f4e199430a11862dfa40
https://conda.anaconda.org/conda-forge/linux-64/libzlib-1.3.2-h25fd6f3_2.conda#55044c403570f0dc26e6364de4dc5368e5f3fc7ff103e867c487e2b5ab2bcda9
https://conda.anaconda.org/conda-forge/linux-64/llvm-openmp-22.1.8-h4922eb0_0.conda#a37aba21b85800af1e7c5b04ba76abab96b6e591eedf99dc6e4df83b0fefd7a5
https://conda.anaconda.org/conda-forge/linux-64/llvm-tools-22.1.8-hb700be7_1.conda#42941d4444053ebbfbf75b9005b54146299bc2238357f804b3cb3ff70f735207
https://conda.anaconda.org/conda-forge/linux-64/llvm-tools-22-22.1.8-h3b15d91_1.conda#4254fd20ade5805fa8077ed3e55ad41ded5a55664eebb481ed9fb14fd2160096
https://conda.anaconda.org/conda-forge/linux-64/make-4.4.1-hb9d3cd8_2.conda#d652c7bd4d3b6f82b0f6d063b0d8df6f54cc47531092d7ff008e780f3261bdda
https://conda.anaconda.org/conda-forge/linux-64/mpfr-4.2.2-he0a73b1_0.conda#8690f550a780f75d9c47f7ffc15f5ff1c149d36ac17208e50eda101ca16611b9
https://conda.anaconda.org/conda-forge/linux-64/ncurses-6.6-hdb14827_0.conda#fc89f74bbe362fb29fa3c037697a89bec140b346a2469a90f7936d1d7ea4d8a3
https://conda.anaconda.org/conda-forge/linux-64/ninja-1.13.2-h171cf75_0.conda#6f7d59dbec0a7b00bf5d103a4306e8886678b796ff2151b62452d4582b2a53fb
https://conda.anaconda.org/conda-forge/linux-64/nspr-4.38-h29cc59b_0.conda#e3664264bd936c357523b55c71ed5a30263c6ba278d726a75b1eb112e6fb0b64
https://conda.anaconda.org/conda-forge/linux-64/nss-3.118-h445c969_0.conda#44dd98ffeac859d84a6dcba79a2096193a42fc10b29b28a5115687a680dd6aea
https://conda.anaconda.org/conda-forge/linux-64/openjpeg-2.5.4-h55fea9a_0.conda#3900f9f2dbbf4129cf3ad6acf4e4b6f7101390b53843591c53b00f034343bc4d
https://conda.anaconda.org/conda-forge/linux-64/openssl-3.6.3-h35e630c_0.conda#d48f5c22b9897c01e4dff3680f1f57ceb02711ab9c62f74339b080419dfad34b
https://conda.anaconda.org/conda-forge/linux-64/pandoc-3.10-ha770c72_0.conda#2f17a165a04833bd249215336b00df912bad7f03ae445a36765b47593df34057
https://conda.anaconda.org/conda-forge/linux-64/pango-1.56.4-hda50119_1.conda#315b52bfa6d1a820f4806f6490d472581438a28e21df175290477caec18972b0
https://conda.anaconda.org/conda-forge/linux-64/pcre-8.45-h9c3ff4c_0.tar.bz2#8f35c244b1631a4f31fb1d66ab6e1d9bfac0ca9b679deced1112c7225b3ad138
https://conda.anaconda.org/conda-forge/linux-64/pcre2-10.47-haa7fec5_0.conda#5e6f7d161356fefd981948bea5139c5aa0436767751a6930cb1ca801ebb113ff
https://conda.anaconda.org/conda-forge/linux-64/perl-5.32.1-7_hd590300_perl5.conda#9ec32b6936b0e37bcb0ed34f22ec3116e75b3c0964f9f50ecea5f58734ed6ce9
https://conda.anaconda.org/conda-forge/noarch/pip-26.1.2-pyh145f28c_0.conda#9e673d3c6003f416df11670a14b026a04e3a45ebec55357987e15b860f138f2a
https://conda.anaconda.org/conda-forge/linux-64/pixman-0.46.4-h54a6638_1.conda#43d37bc9ca3b257c5dd7bf76a8426addbdec381f6786ff441dc90b1a49143b6a
https://conda.anaconda.org/conda-forge/linux-64/pkg-config-0.29.2-h4bc722e_1009.conda#c9601efb1af5391317e04eca77c6fe4d716bf1ca1ad8da2a05d15cb7c28d7d4e
https://conda.anaconda.org/conda-forge/linux-64/poppler-26.05.0-hfdef1ce_3.conda#a5737f253f6301dac019dc9b9cfaefae40d1ee6f846410d43eed56ff7588cbd3
https://conda.anaconda.org/conda-forge/noarch/poppler-data-0.4.12-hd8ed1ab_0.conda#2f227e17b3c0346112815faa605502b66c1c4511a856127f2899abf15a98a2cf
https://conda.anaconda.org/conda-forge/linux-64/pthread-stubs-0.4-hb9d3cd8_1002.conda#9c88f8c64590e9567c6c80823f0328e58d3b1efb0e1c539c0315ceca764e0973
https://conda.anaconda.org/conda-forge/noarch/pygments-2.20.0-pyhd8ed1ab_0.conda#cf70b2f5ad9ae472b71235e5c8a736c9316df3705746de419b59d442e8348e86
https://conda.anaconda.org/conda-forge/linux-64/python-3.14.6-habeac84_100_cp314.conda#6d28ac2b061179deb434d3d57afa98ffd20ec3c5d44ab8048a1ca33424b22d38
https://conda.anaconda.org/conda-forge/noarch/python_abi-3.14-8_cp314.conda#ad6d2e9ac39751cc0529dd1566a26751a0bf2542adb0c232533d32e176e21db5
https://conda.anaconda.org/conda-forge/linux-64/qpdf-12.3.2-h4c2f02d_0.conda#9544221031b8b193ff7e35d4bf93a87c044fec63f6e1b7799cb2ab66df96eb9f
https://conda.anaconda.org/conda-forge/linux-64/r-base-4.6.1-h502d0c9_1.conda#6d1c9e5aae715c3c862a5b1fd5af6c4427f35685684af96381d11bb589b22b6a
https://conda.anaconda.org/conda-forge/linux-64/readline-8.3-h853b02a_0.conda#12ffde5a6f958e285aa22c191ca01bbd3d6e710aa852e00618fa6ddc59149002
https://conda.anaconda.org/conda-forge/linux-64/rhash-1.4.6-hb9d3cd8_1.conda#d5c73079c1dd2c2a313c3bfd81c73dbd066b7eb08d213778c8bff520091ae894
https://conda.anaconda.org/conda-forge/linux-64/sed-4.10-h19d0853_0.conda#b013d2085ce4ac01daec7b30472e9f3b6c2d69eb3a3a85a6cee3e01a3cb4f61a
https://conda.anaconda.org/conda-forge/linux-64/shellcheck-0.11.0-ha770c72_1.conda#09335c4ce927c3c47ffbe4f13c18b21cc0bf7b661dba8f7caba699f9e9f26bf3
https://conda.anaconda.org/conda-forge/noarch/six-1.17.0-pyhe01879c_1.conda#458227f759d5e3fcec5d9b7acce54e10c9e1f4f4b7ec978f3bfd54ce4ee9853d
https://conda.anaconda.org/conda-forge/noarch/sysroot_linux-64-2.28-h4ee821c_9.conda#c47299fe37aebb0fcf674b3be588e67e4afb86225be4b0d452c7eb75c086b851
https://conda.anaconda.org/conda-forge/linux-64/texinfo-7.2-pl5321haa1a288_0.conda#1ca9c57508555189d48945e320c0d199daa125e4247c68dcec7873769560f228
https://conda.anaconda.org/conda-forge/linux-64/texlive-core-20260301-h9c0422a_1.conda#96dca275d3562a209d818bb0167a231ce10c7b8779e535e239f7c3fc617c3a9b
https://conda.anaconda.org/conda-forge/linux-64/tidy-html5-5.9.14-h54a6638_2.conda#21ae892350afadab118d0dd7e924f2caaf5966ecc9547de39892f26d22c7f239
https://conda.anaconda.org/conda-forge/linux-64/tinyxml2-11.0.0-h3f2d84a_0.conda#3ae98c2ca54928b2c72dbb4bd8ea229d3c865ad39367d377908294d9fb1e6f2c
https://conda.anaconda.org/conda-forge/linux-64/tk-8.6.13-noxft_h366c992_103.conda#cafeec44494f842ffeca27e9c8b0c27ed714f93ac77ddadc6aaf726b5554ebac
https://conda.anaconda.org/conda-forge/linux-64/tktable-2.10-h5a7a40f_8.conda#3e20b2f2902a1f402ef2420ce2b9e8c91f9e02748d55530894ac1f640561fdd0
https://conda.anaconda.org/conda-forge/noarch/tzdata-2025c-hc9c84f9_1.conda#1d30098909076af33a35017eed6f2953af1c769e273a0626a04722ac4acaba3c
https://conda.anaconda.org/conda-forge/linux-64/valgrind-3.27.1-hea31c11_0.conda#704011bf371ed51dfa16a2e998dd147a5b4501b29cffd2869ec7b7924bd5ef94
https://conda.anaconda.org/conda-forge/linux-64/wget-1.25.0-h653f8fd_1.conda#66a5a05e0e44fd7a57e24d77665d5d6672646a7b316575b2f679108966d9124e
https://conda.anaconda.org/conda-forge/linux-64/xorg-libice-1.1.2-hb9d3cd8_0.conda#c12396aabb21244c212e488bbdc4abcdef0b7404b15761d9329f5a4a39113c4b
https://conda.anaconda.org/conda-forge/linux-64/xorg-libsm-1.2.6-he73a12e_0.conda#277841c43a39f738927145930ff963c5ce4c4dacf66637a3d95d802a64173250
https://conda.anaconda.org/conda-forge/linux-64/xorg-libx11-1.8.13-he1eb515_0.conda#516d4060139dbb4de49a4dcdc6317a9353fb39ebd47789c14e6fe52de0deee42
https://conda.anaconda.org/conda-forge/linux-64/xorg-libxau-1.0.12-hb03c661_1.conda#6bc6ab7a90a5d8ac94c7e300cc10beb0500eeba4b99822768ca2f2ef356f731b
https://conda.anaconda.org/conda-forge/linux-64/xorg-libxdmcp-1.1.5-hb03c661_1.conda#25d255fb2eef929d21ff660a0c687d38a6d2ccfbcbf0cc6aa738b12af6e9d142
https://conda.anaconda.org/conda-forge/linux-64/xorg-libxext-1.3.7-hb03c661_0.conda#79c60fc6acfd3d713d6340d3b4e296836a0f8c51602327b32794625826bd052f
https://conda.anaconda.org/conda-forge/linux-64/xorg-libxfixes-6.0.2-hb03c661_0.conda#83c4c99d60b8784a611351220452a0a85b080668188dce5dfa394b723d7b64f4
https://conda.anaconda.org/conda-forge/linux-64/xorg-libxi-1.8.3-hb03c661_0.conda#495f99c8eacfa4ae2d8fed2a7f2105777af89acdc204df145d2bbbc380ac631b
https://conda.anaconda.org/conda-forge/linux-64/xorg-libxrender-0.9.12-hb9d3cd8_0.conda#044c7b3153c224c6cedd4484dd91b389d2d7fd9c776ad0f4a34f099b3389f4a1
https://conda.anaconda.org/conda-forge/linux-64/xorg-libxscrnsaver-1.2.4-hb9d3cd8_0.conda#58e8fc1687534124832d22e102f098b5401173212ac69eb9fd96b16a3e2c8cb2
https://conda.anaconda.org/conda-forge/linux-64/xorg-libxt-1.3.1-hb9d3cd8_0.conda#a8afba4a55b7b530eb5c8ad89737d60d60bc151a03fbef7a2182461256953f0e
https://conda.anaconda.org/conda-forge/linux-64/xorg-libxtst-1.2.5-hb9d3cd8_3.conda#752fdaac5d58ed863bbf685bb6f98092fe1a488ea8ebb7ed7b606ccfce08637a
https://conda.anaconda.org/conda-forge/linux-64/xxhash-0.8.3-hb47aa4a_0.conda#08e12f140b1af540a6de03dd49173c0e5ae4ebc563cabdd35ead0679835baf6f
https://conda.anaconda.org/conda-forge/linux-64/zlib-1.3.2-h25fd6f3_2.conda#245c9ee8d688e23661b95e3c6dd7272ca936fabc03d423cdb3cdee1bbcf9f2f2
https://conda.anaconda.org/conda-forge/linux-64/zstd-1.5.7-hb78ec9c_6.conda#68f0206ca6e98fea941e5717cec780ed2873ffabc0e1ed34428c061e2c6268c7
